// !$*UTF8*$!
{
	archiveVersion = 1;
	classes = {
	};
	objectVersion = 46;
	objects = {

/* Begin PBXBuildFile section */
		CC280D631BF0248800F44243 /* HomeViewController.m in Sources */ = {isa = PBXBuildFile; fileRef = CC280D621BF0248800F44243 /* HomeViewController.m */; };
		CC280D681BF024AB00F44243 /* GuideViewController.m in Sources */ = {isa = PBXBuildFile; fileRef = CC280D671BF024AB00F44243 /* GuideViewController.m */; };
		CC280D6C1BF024CA00F44243 /* ResultTableViewController.m in Sources */ = {isa = PBXBuildFile; fileRef = CC280D6B1BF024CA00F44243 /* ResultTableViewController.m */; };
		CC280D701BF0253200F44243 /* MainViewController.m in Sources */ = {isa = PBXBuildFile; fileRef = CC280D6F1BF0253200F44243 /* MainViewController.m */; };
		CC280D731BF02CB600F44243 /* ResultTableViewCell.m in Sources */ = {isa = PBXBuildFile; fileRef = CC280D721BF02CB600F44243 /* ResultTableViewCell.m */; };
		CC280D891BF02DFF00F44243 /* AFHTTPRequestOperation.m in Sources */ = {isa = PBXBuildFile; fileRef = CC280D771BF02DFF00F44243 /* AFHTTPRequestOperation.m */; };
		CC280D8A1BF02DFF00F44243 /* AFHTTPRequestOperationManager.m in Sources */ = {isa = PBXBuildFile; fileRef = CC280D791BF02DFF00F44243 /* AFHTTPRequestOperationManager.m */; };
		CC280D8B1BF02DFF00F44243 /* AFHTTPSessionManager.m in Sources */ = {isa = PBXBuildFile; fileRef = CC280D7B1BF02DFF00F44243 /* AFHTTPSessionManager.m */; };
		CC280D8C1BF02DFF00F44243 /* AFNetworkReachabilityManager.m in Sources */ = {isa = PBXBuildFile; fileRef = CC280D7E1BF02DFF00F44243 /* AFNetworkReachabilityManager.m */; };
		CC280D8D1BF02DFF00F44243 /* AFSecurityPolicy.m in Sources */ = {isa = PBXBuildFile; fileRef = CC280D801BF02DFF00F44243 /* AFSecurityPolicy.m */; };
		CC280D8E1BF02DFF00F44243 /* AFURLConnectionOperation.m in Sources */ = {isa = PBXBuildFile; fileRef = CC280D821BF02DFF00F44243 /* AFURLConnectionOperation.m */; };
		CC280D8F1BF02DFF00F44243 /* AFURLRequestSerialization.m in Sources */ = {isa = PBXBuildFile; fileRef = CC280D841BF02DFF00F44243 /* AFURLRequestSerialization.m */; };
		CC280D901BF02DFF00F44243 /* AFURLResponseSerialization.m in Sources */ = {isa = PBXBuildFile; fileRef = CC280D861BF02DFF00F44243 /* AFURLResponseSerialization.m */; };
		CC280D911BF02DFF00F44243 /* AFURLSessionManager.m in Sources */ = {isa = PBXBuildFile; fileRef = CC280D881BF02DFF00F44243 /* AFURLSessionManager.m */; };
		CC280D951BF0367900F44243 /* Message.m in Sources */ = {isa = PBXBuildFile; fileRef = CC280D941BF0367900F44243 /* Message.m */; };
		CC280DB81BF0413F00F44243 /* MKAnnotationView+WebCache.m in Sources */ = {isa = PBXBuildFile; fileRef = CC280D981BF0413F00F44243 /* MKAnnotationView+WebCache.m */; };
		CC280DB91BF0413F00F44243 /* NSData+ImageContentType.m in Sources */ = {isa = PBXBuildFile; fileRef = CC280D9A1BF0413F00F44243 /* NSData+ImageContentType.m */; };
		CC280DBA1BF0413F00F44243 /* SDImageCache.m in Sources */ = {isa = PBXBuildFile; fileRef = CC280D9C1BF0413F00F44243 /* SDImageCache.m */; };
		CC280DBB1BF0413F00F44243 /* SDWebImageCompat.m in Sources */ = {isa = PBXBuildFile; fileRef = CC280D9E1BF0413F00F44243 /* SDWebImageCompat.m */; };
		CC280DBC1BF0413F00F44243 /* SDWebImageDecoder.m in Sources */ = {isa = PBXBuildFile; fileRef = CC280DA01BF0413F00F44243 /* SDWebImageDecoder.m */; };
		CC280DBD1BF0413F00F44243 /* SDWebImageDownloader.m in Sources */ = {isa = PBXBuildFile; fileRef = CC280DA21BF0413F00F44243 /* SDWebImageDownloader.m */; };
		CC280DBE1BF0413F00F44243 /* SDWebImageDownloaderOperation.m in Sources */ = {isa = PBXBuildFile; fileRef = CC280DA41BF0413F00F44243 /* SDWebImageDownloaderOperation.m */; };
		CC280DBF1BF0413F00F44243 /* SDWebImageManager.m in Sources */ = {isa = PBXBuildFile; fileRef = CC280DA61BF0413F00F44243 /* SDWebImageManager.m */; };
		CC280DC01BF0413F00F44243 /* SDWebImagePrefetcher.m in Sources */ = {isa = PBXBuildFile; fileRef = CC280DA91BF0413F00F44243 /* SDWebImagePrefetcher.m */; };
		CC280DC11BF0413F00F44243 /* UIButton+WebCache.m in Sources */ = {isa = PBXBuildFile; fileRef = CC280DAB1BF0413F00F44243 /* UIButton+WebCache.m */; };
		CC280DC21BF0413F00F44243 /* UIImage+GIF.m in Sources */ = {isa = PBXBuildFile; fileRef = CC280DAD1BF0413F00F44243 /* UIImage+GIF.m */; };
		CC280DC31BF0413F00F44243 /* UIImage+MultiFormat.m in Sources */ = {isa = PBXBuildFile; fileRef = CC280DAF1BF0413F00F44243 /* UIImage+MultiFormat.m */; };
		CC280DC41BF0413F00F44243 /* UIImage+WebP.m in Sources */ = {isa = PBXBuildFile; fileRef = CC280DB11BF0413F00F44243 /* UIImage+WebP.m */; };
		CC280DC51BF0413F00F44243 /* UIImageView+HighlightedWebCache.m in Sources */ = {isa = PBXBuildFile; fileRef = CC280DB31BF0413F00F44243 /* UIImageView+HighlightedWebCache.m */; };
		CC280DC61BF0413F00F44243 /* UIImageView+WebCache.m in Sources */ = {isa = PBXBuildFile; fileRef = CC280DB51BF0413F00F44243 /* UIImageView+WebCache.m */; };
		CC280DC71BF0413F00F44243 /* UIView+WebCacheOperation.m in Sources */ = {isa = PBXBuildFile; fileRef = CC280DB71BF0413F00F44243 /* UIView+WebCacheOperation.m */; };
		CC280DCB1BF04AE000F44243 /* LoginViewController.m in Sources */ = {isa = PBXBuildFile; fileRef = CC280DCA1BF04AE000F44243 /* LoginViewController.m */; };
		CC280DCE1BF0519C00F44243 /* Account.m in Sources */ = {isa = PBXBuildFile; fileRef = CC280DCD1BF0519C00F44243 /* Account.m */; };
		CC7C7DAF1BF0206D00BDCF1F /* main.m in Sources */ = {isa = PBXBuildFile; fileRef = CC7C7DAE1BF0206D00BDCF1F /* main.m */; };
		CC7C7DB21BF0206D00BDCF1F /* AppDelegate.m in Sources */ = {isa = PBXBuildFile; fileRef = CC7C7DB11BF0206D00BDCF1F /* AppDelegate.m */; };
		CC7C7DB81BF0206D00BDCF1F /* Main.storyboard in Resources */ = {isa = PBXBuildFile; fileRef = CC7C7DB61BF0206D00BDCF1F /* Main.storyboard */; };
		CC7C7DBA1BF0206D00BDCF1F /* Images.xcassets in Resources */ = {isa = PBXBuildFile; fileRef = CC7C7DB91BF0206D00BDCF1F /* Images.xcassets */; };
		CC7C7DBD1BF0206D00BDCF1F /* LaunchScreen.xib in Resources */ = {isa = PBXBuildFile; fileRef = CC7C7DBB1BF0206D00BDCF1F /* LaunchScreen.xib */; };
		CC7C7DC91BF0206D00BDCF1F /* loveChildTests.m in Sources */ = {isa = PBXBuildFile; fileRef = CC7C7DC81BF0206D00BDCF1F /* loveChildTests.m */; };
		CCB7D0D31BF1991B00885B9E /* DetailTableViewController.m in Sources */ = {isa = PBXBuildFile; fileRef = CCB7D0D21BF1991B00885B9E /* DetailTableViewController.m */; };
		CCB7D0D61BF1994900885B9E /* DetailTableViewCell.m in Sources */ = {isa = PBXBuildFile; fileRef = CCB7D0D51BF1994900885B9E /* DetailTableViewCell.m */; };
		CCB7D0DA1BF19F7800885B9E /* NSString+height.m in Sources */ = {isa = PBXBuildFile; fileRef = CCB7D0D91BF19F7800885B9E /* NSString+height.m */; };
		CCB7D0DE1BF1B93A00885B9E /* HotSearchViewController.m in Sources */ = {isa = PBXBuildFile; fileRef = CCB7D0DD1BF1B93A00885B9E /* HotSearchViewController.m */; };
		CCB7D0E11BF1C35500885B9E /* HotSearch.m in Sources */ = {isa = PBXBuildFile; fileRef = CCB7D0E01BF1C35500885B9E /* HotSearch.m */; };
		CCB7D0E41BF1C8FD00885B9E /* HotCollectionViewCell.m in Sources */ = {isa = PBXBuildFile; fileRef = CCB7D0E31BF1C8FD00885B9E /* HotCollectionViewCell.m */; };
		CCB7D0E71BF1E57E00885B9E /* IATConfig.m in Sources */ = {isa = PBXBuildFile; fileRef = CCB7D0E61BF1E57E00885B9E /* IATConfig.m */; };
		CCB7D0ED1BF1E60100885B9E /* iflyMSC.framework in Frameworks */ = {isa = PBXBuildFile; fileRef = CCB7D0E91BF1E60100885B9E /* iflyMSC.framework */; };
		CCB7D0EE1BF1E60100885B9E /* libSunFlower.a in Frameworks */ = {isa = PBXBuildFile; fileRef = CCB7D0EC1BF1E60100885B9E /* libSunFlower.a */; };
		CCB7D0F01BF1E64C00885B9E /* libz.dylib in Frameworks */ = {isa = PBXBuildFile; fileRef = CCB7D0EF1BF1E64C00885B9E /* libz.dylib */; };
		CCB7D0F21BF1E65600885B9E /* CoreGraphics.framework in Frameworks */ = {isa = PBXBuildFile; fileRef = CCB7D0F11BF1E65600885B9E /* CoreGraphics.framework */; };
		CCB7D0F41BF1E65F00885B9E /* QuartzCore.framework in Frameworks */ = {isa = PBXBuildFile; fileRef = CCB7D0F31BF1E65F00885B9E /* QuartzCore.framework */; };
		CCB7D0F61BF1E66600885B9E /* AddressBook.framework in Frameworks */ = {isa = PBXBuildFile; fileRef = CCB7D0F51BF1E66600885B9E /* AddressBook.framework */; };
		CCB7D0F81BF1E66D00885B9E /* CoreLocation.framework in Frameworks */ = {isa = PBXBuildFile; fileRef = CCB7D0F71BF1E66D00885B9E /* CoreLocation.framework */; };
		CCB7D0FA1BF1E67400885B9E /* UIKit.framework in Frameworks */ = {isa = PBXBuildFile; fileRef = CCB7D0F91BF1E67400885B9E /* UIKit.framework */; };
		CCB7D0FC1BF1E67B00885B9E /* AudioToolbox.framework in Frameworks */ = {isa = PBXBuildFile; fileRef = CCB7D0FB1BF1E67B00885B9E /* AudioToolbox.framework */; };
		CCB7D0FE1BF1E68500885B9E /* CoreTelephony.framework in Frameworks */ = {isa = PBXBuildFile; fileRef = CCB7D0FD1BF1E68500885B9E /* CoreTelephony.framework */; };
		CCB7D1001BF1E68E00885B9E /* Foundation.framework in Frameworks */ = {isa = PBXBuildFile; fileRef = CCB7D0FF1BF1E68E00885B9E /* Foundation.framework */; };
		CCB7D1021BF1E69900885B9E /* SystemConfiguration.framework in Frameworks */ = {isa = PBXBuildFile; fileRef = CCB7D1011BF1E69900885B9E /* SystemConfiguration.framework */; };
		CCB7D1041BF1E6A000885B9E /* AVFoundation.framework in Frameworks */ = {isa = PBXBuildFile; fileRef = CCB7D1031BF1E6A000885B9E /* AVFoundation.framework */; };
		CCB7D1081BF2071C00885B9E /* SaveTableViewController.m in Sources */ = {isa = PBXBuildFile; fileRef = CCB7D1071BF2071C00885B9E /* SaveTableViewController.m */; };
		CCB7D1101BF21B9800885B9E /* SVIndefiniteAnimatedView.m in Sources */ = {isa = PBXBuildFile; fileRef = CCB7D10B1BF21B9800885B9E /* SVIndefiniteAnimatedView.m */; };
		CCB7D1111BF21B9800885B9E /* SVProgressHUD.bundle in Resources */ = {isa = PBXBuildFile; fileRef = CCB7D10D1BF21B9800885B9E /* SVProgressHUD.bundle */; };
		CCB7D1121BF21B9800885B9E /* SVProgressHUD.m in Sources */ = {isa = PBXBuildFile; fileRef = CCB7D10F1BF21B9800885B9E /* SVProgressHUD.m */; };
		CCB7D1401BF2248200885B9E /* MJRefreshAutoFooter.m in Sources */ = {isa = PBXBuildFile; fileRef = CCB7D1161BF2248200885B9E /* MJRefreshAutoFooter.m */; };
		CCB7D1411BF2248200885B9E /* MJRefreshBackFooter.m in Sources */ = {isa = PBXBuildFile; fileRef = CCB7D1181BF2248200885B9E /* MJRefreshBackFooter.m */; };
		CCB7D1421BF2248200885B9E /* MJRefreshComponent.m in Sources */ = {isa = PBXBuildFile; fileRef = CCB7D11A1BF2248200885B9E /* MJRefreshComponent.m */; };
		CCB7D1431BF2248200885B9E /* MJRefreshFooter.m in Sources */ = {isa = PBXBuildFile; fileRef = CCB7D11C1BF2248200885B9E /* MJRefreshFooter.m */; };
		CCB7D1441BF2248200885B9E /* MJRefreshHeader.m in Sources */ = {isa = PBXBuildFile; fileRef = CCB7D11E1BF2248200885B9E /* MJRefreshHeader.m */; };
		CCB7D1451BF2248200885B9E /* MJRefreshAutoGifFooter.m in Sources */ = {isa = PBXBuildFile; fileRef = CCB7D1231BF2248200885B9E /* MJRefreshAutoGifFooter.m */; };
		CCB7D1461BF2248200885B9E /* MJRefreshAutoNormalFooter.m in Sources */ = {isa = PBXBuildFile; fileRef = CCB7D1251BF2248200885B9E /* MJRefreshAutoNormalFooter.m */; };
		CCB7D1471BF2248200885B9E /* MJRefreshAutoStateFooter.m in Sources */ = {isa = PBXBuildFile; fileRef = CCB7D1271BF2248200885B9E /* MJRefreshAutoStateFooter.m */; };
		CCB7D1481BF2248200885B9E /* MJRefreshBackGifFooter.m in Sources */ = {isa = PBXBuildFile; fileRef = CCB7D12A1BF2248200885B9E /* MJRefreshBackGifFooter.m */; };
		CCB7D1491BF2248200885B9E /* MJRefreshBackNormalFooter.m in Sources */ = {isa = PBXBuildFile; fileRef = CCB7D12C1BF2248200885B9E /* MJRefreshBackNormalFooter.m */; };
		CCB7D14A1BF2248200885B9E /* MJRefreshBackStateFooter.m in Sources */ = {isa = PBXBuildFile; fileRef = CCB7D12E1BF2248200885B9E /* MJRefreshBackStateFooter.m */; };
		CCB7D14B1BF2248200885B9E /* MJRefreshGifHeader.m in Sources */ = {isa = PBXBuildFile; fileRef = CCB7D1311BF2248200885B9E /* MJRefreshGifHeader.m */; };
		CCB7D14C1BF2248200885B9E /* MJRefreshNormalHeader.m in Sources */ = {isa = PBXBuildFile; fileRef = CCB7D1331BF2248200885B9E /* MJRefreshNormalHeader.m */; };
		CCB7D14D1BF2248200885B9E /* MJRefreshStateHeader.m in Sources */ = {isa = PBXBuildFile; fileRef = CCB7D1351BF2248200885B9E /* MJRefreshStateHeader.m */; };
		CCB7D14E1BF2248200885B9E /* MJRefresh.bundle in Resources */ = {isa = PBXBuildFile; fileRef = CCB7D1361BF2248200885B9E /* MJRefresh.bundle */; };
		CCB7D14F1BF2248200885B9E /* MJRefreshConst.m in Sources */ = {isa = PBXBuildFile; fileRef = CCB7D1391BF2248200885B9E /* MJRefreshConst.m */; };
		CCB7D1501BF2248200885B9E /* UIScrollView+MJExtension.m in Sources */ = {isa = PBXBuildFile; fileRef = CCB7D13B1BF2248200885B9E /* UIScrollView+MJExtension.m */; };
		CCB7D1511BF2248200885B9E /* UIScrollView+MJRefresh.m in Sources */ = {isa = PBXBuildFile; fileRef = CCB7D13D1BF2248200885B9E /* UIScrollView+MJRefresh.m */; };
		CCB7D1521BF2248200885B9E /* UIView+MJExtension.m in Sources */ = {isa = PBXBuildFile; fileRef = CCB7D13F1BF2248200885B9E /* UIView+MJExtension.m */; };
		CCB7D1561BF22ADF00885B9E /* SetTableViewController.m in Sources */ = {isa = PBXBuildFile; fileRef = CCB7D1551BF22ADF00885B9E /* SetTableViewController.m */; };
		CCB979251BF302E1007B9215 /* TencentOpenAPI.framework in Frameworks */ = {isa = PBXBuildFile; fileRef = CCB9790B1BF302E1007B9215 /* TencentOpenAPI.framework */; };
		CCB979261BF302E1007B9215 /* TencentOpenApi_IOS_Bundle.bundle in Resources */ = {isa = PBXBuildFile; fileRef = CCB9790C1BF302E1007B9215 /* TencentOpenApi_IOS_Bundle.bundle */; };
		CCB979271BF302E1007B9215 /* libWeiboSDK.a in Frameworks */ = {isa = PBXBuildFile; fileRef = CCB9790F1BF302E1007B9215 /* libWeiboSDK.a */; };
		CCB979281BF302E1007B9215 /* WeiboSDK.bundle in Resources */ = {isa = PBXBuildFile; fileRef = CCB979171BF302E1007B9215 /* WeiboSDK.bundle */; };
		CCB979291BF302E1007B9215 /* libWeChatSDK.a in Frameworks */ = {isa = PBXBuildFile; fileRef = CCB9791B1BF302E1007B9215 /* libWeChatSDK.a */; };
		CCB9792A1BF302E1007B9215 /* MOBFoundation.framework in Frameworks */ = {isa = PBXBuildFile; fileRef = CCB9791E1BF302E1007B9215 /* MOBFoundation.framework */; };
		CCB9792B1BF302E1007B9215 /* ShareSDK.bundle in Resources */ = {isa = PBXBuildFile; fileRef = CCB9791F1BF302E1007B9215 /* ShareSDK.bundle */; };
		CCB9792C1BF302E1007B9215 /* ShareSDK.framework in Frameworks */ = {isa = PBXBuildFile; fileRef = CCB979201BF302E1007B9215 /* ShareSDK.framework */; };
		CCB9792D1BF302E1007B9215 /* ShareSDKConnector.framework in Frameworks */ = {isa = PBXBuildFile; fileRef = CCB979211BF302E1007B9215 /* ShareSDKConnector.framework */; };
		CCB9792E1BF302E1007B9215 /* ShareSDKExtension.framework in Frameworks */ = {isa = PBXBuildFile; fileRef = CCB979221BF302E1007B9215 /* ShareSDKExtension.framework */; };
		CCB9792F1BF302E1007B9215 /* ShareSDKUI.bundle in Resources */ = {isa = PBXBuildFile; fileRef = CCB979231BF302E1007B9215 /* ShareSDKUI.bundle */; };
		CCB979301BF302E1007B9215 /* ShareSDKUI.framework in Frameworks */ = {isa = PBXBuildFile; fileRef = CCB979241BF302E1007B9215 /* ShareSDKUI.framework */; };
		CCB979321BF30379007B9215 /* libicucore.dylib in Frameworks */ = {isa = PBXBuildFile; fileRef = CCB979311BF30379007B9215 /* libicucore.dylib */; };
		CCB979341BF3038C007B9215 /* libstdc++.dylib in Frameworks */ = {isa = PBXBuildFile; fileRef = CCB979331BF3038C007B9215 /* libstdc++.dylib */; };
		CCB979361BF30395007B9215 /* JavaScriptCore.framework in Frameworks */ = {isa = PBXBuildFile; fileRef = CCB979351BF30395007B9215 /* JavaScriptCore.framework */; };
		CCB979381BF3039F007B9215 /* ImageIO.framework in Frameworks */ = {isa = PBXBuildFile; fileRef = CCB979371BF3039F007B9215 /* ImageIO.framework */; };
		CCB9793A1BF303A7007B9215 /* libsqlite3.dylib in Frameworks */ = {isa = PBXBuildFile; fileRef = CCB979391BF303A7007B9215 /* libsqlite3.dylib */; };
/* End PBXBuildFile section */

/* Begin PBXContainerItemProxy section */
		CC7C7DC31BF0206D00BDCF1F /* PBXContainerItemProxy */ = {
			isa = PBXContainerItemProxy;
			containerPortal = CC7C7DA11BF0206D00BDCF1F /* Project object */;
			proxyType = 1;
			remoteGlobalIDString = CC7C7DA81BF0206D00BDCF1F;
			remoteInfo = loveChild;
		};
/* End PBXContainerItemProxy section */

/* Begin PBXFileReference section */
		CC280D611BF0248800F44243 /* HomeViewController.h */ = {isa = PBXFileReference; fileEncoding = 4; lastKnownFileType = sourcecode.c.h; path = HomeViewController.h; sourceTree = "<group>"; };
		CC280D621BF0248800F44243 /* HomeViewController.m */ = {isa = PBXFileReference; fileEncoding = 4; lastKnownFileType = sourcecode.c.objc; path = HomeViewController.m; sourceTree = "<group>"; };
		CC280D661BF024AB00F44243 /* GuideViewController.h */ = {isa = PBXFileReference; fileEncoding = 4; lastKnownFileType = sourcecode.c.h; path = GuideViewController.h; sourceTree = "<group>"; };
		CC280D671BF024AB00F44243 /* GuideViewController.m */ = {isa = PBXFileReference; fileEncoding = 4; lastKnownFileType = sourcecode.c.objc; path = GuideViewController.m; sourceTree = "<group>"; };
		CC280D6A1BF024CA00F44243 /* ResultTableViewController.h */ = {isa = PBXFileReference; fileEncoding = 4; lastKnownFileType = sourcecode.c.h; path = ResultTableViewController.h; sourceTree = "<group>"; };
		CC280D6B1BF024CA00F44243 /* ResultTableViewController.m */ = {isa = PBXFileReference; fileEncoding = 4; lastKnownFileType = sourcecode.c.objc; path = ResultTableViewController.m; sourceTree = "<group>"; };
		CC280D6E1BF0253200F44243 /* MainViewController.h */ = {isa = PBXFileReference; fileEncoding = 4; lastKnownFileType = sourcecode.c.h; path = MainViewController.h; sourceTree = "<group>"; };
		CC280D6F1BF0253200F44243 /* MainViewController.m */ = {isa = PBXFileReference; fileEncoding = 4; lastKnownFileType = sourcecode.c.objc; path = MainViewController.m; sourceTree = "<group>"; };
		CC280D711BF02CB600F44243 /* ResultTableViewCell.h */ = {isa = PBXFileReference; fileEncoding = 4; lastKnownFileType = sourcecode.c.h; path = ResultTableViewCell.h; sourceTree = "<group>"; };
		CC280D721BF02CB600F44243 /* ResultTableViewCell.m */ = {isa = PBXFileReference; fileEncoding = 4; lastKnownFileType = sourcecode.c.objc; path = ResultTableViewCell.m; sourceTree = "<group>"; };
		CC280D761BF02DFF00F44243 /* AFHTTPRequestOperation.h */ = {isa = PBXFileReference; fileEncoding = 4; lastKnownFileType = sourcecode.c.h; path = AFHTTPRequestOperation.h; sourceTree = "<group>"; };
		CC280D771BF02DFF00F44243 /* AFHTTPRequestOperation.m */ = {isa = PBXFileReference; fileEncoding = 4; lastKnownFileType = sourcecode.c.objc; path = AFHTTPRequestOperation.m; sourceTree = "<group>"; };
		CC280D781BF02DFF00F44243 /* AFHTTPRequestOperationManager.h */ = {isa = PBXFileReference; fileEncoding = 4; lastKnownFileType = sourcecode.c.h; path = AFHTTPRequestOperationManager.h; sourceTree = "<group>"; };
		CC280D791BF02DFF00F44243 /* AFHTTPRequestOperationManager.m */ = {isa = PBXFileReference; fileEncoding = 4; lastKnownFileType = sourcecode.c.objc; path = AFHTTPRequestOperationManager.m; sourceTree = "<group>"; };
		CC280D7A1BF02DFF00F44243 /* AFHTTPSessionManager.h */ = {isa = PBXFileReference; fileEncoding = 4; lastKnownFileType = sourcecode.c.h; path = AFHTTPSessionManager.h; sourceTree = "<group>"; };
		CC280D7B1BF02DFF00F44243 /* AFHTTPSessionManager.m */ = {isa = PBXFileReference; fileEncoding = 4; lastKnownFileType = sourcecode.c.objc; path = AFHTTPSessionManager.m; sourceTree = "<group>"; };
		CC280D7C1BF02DFF00F44243 /* AFNetworking.h */ = {isa = PBXFileReference; fileEncoding = 4; lastKnownFileType = sourcecode.c.h; path = AFNetworking.h; sourceTree = "<group>"; };
		CC280D7D1BF02DFF00F44243 /* AFNetworkReachabilityManager.h */ = {isa = PBXFileReference; fileEncoding = 4; lastKnownFileType = sourcecode.c.h; path = AFNetworkReachabilityManager.h; sourceTree = "<group>"; };
		CC280D7E1BF02DFF00F44243 /* AFNetworkReachabilityManager.m */ = {isa = PBXFileReference; fileEncoding = 4; lastKnownFileType = sourcecode.c.objc; path = AFNetworkReachabilityManager.m; sourceTree = "<group>"; };
		CC280D7F1BF02DFF00F44243 /* AFSecurityPolicy.h */ = {isa = PBXFileReference; fileEncoding = 4; lastKnownFileType = sourcecode.c.h; path = AFSecurityPolicy.h; sourceTree = "<group>"; };
		CC280D801BF02DFF00F44243 /* AFSecurityPolicy.m */ = {isa = PBXFileReference; fileEncoding = 4; lastKnownFileType = sourcecode.c.objc; path = AFSecurityPolicy.m; sourceTree = "<group>"; };
		CC280D811BF02DFF00F44243 /* AFURLConnectionOperation.h */ = {isa = PBXFileReference; fileEncoding = 4; lastKnownFileType = sourcecode.c.h; path = AFURLConnectionOperation.h; sourceTree = "<group>"; };
		CC280D821BF02DFF00F44243 /* AFURLConnectionOperation.m */ = {isa = PBXFileReference; fileEncoding = 4; lastKnownFileType = sourcecode.c.objc; path = AFURLConnectionOperation.m; sourceTree = "<group>"; };
		CC280D831BF02DFF00F44243 /* AFURLRequestSerialization.h */ = {isa = PBXFileReference; fileEncoding = 4; lastKnownFileType = sourcecode.c.h; path = AFURLRequestSerialization.h; sourceTree = "<group>"; };
		CC280D841BF02DFF00F44243 /* AFURLRequestSerialization.m */ = {isa = PBXFileReference; fileEncoding = 4; lastKnownFileType = sourcecode.c.objc; path = AFURLRequestSerialization.m; sourceTree = "<group>"; };
		CC280D851BF02DFF00F44243 /* AFURLResponseSerialization.h */ = {isa = PBXFileReference; fileEncoding = 4; lastKnownFileType = sourcecode.c.h; path = AFURLResponseSerialization.h; sourceTree = "<group>"; };
		CC280D861BF02DFF00F44243 /* AFURLResponseSerialization.m */ = {isa = PBXFileReference; fileEncoding = 4; lastKnownFileType = sourcecode.c.objc; path = AFURLResponseSerialization.m; sourceTree = "<group>"; };
		CC280D871BF02DFF00F44243 /* AFURLSessionManager.h */ = {isa = PBXFileReference; fileEncoding = 4; lastKnownFileType = sourcecode.c.h; path = AFURLSessionManager.h; sourceTree = "<group>"; };
		CC280D881BF02DFF00F44243 /* AFURLSessionManager.m */ = {isa = PBXFileReference; fileEncoding = 4; lastKnownFileType = sourcecode.c.objc; path = AFURLSessionManager.m; sourceTree = "<group>"; };
		CC280D921BF02E4600F44243 /* Common.h */ = {isa = PBXFileReference; fileEncoding = 4; lastKnownFileType = sourcecode.c.h; path = Common.h; sourceTree = "<group>"; };
		CC280D931BF0367900F44243 /* Message.h */ = {isa = PBXFileReference; fileEncoding = 4; lastKnownFileType = sourcecode.c.h; path = Message.h; sourceTree = "<group>"; };
		CC280D941BF0367900F44243 /* Message.m */ = {isa = PBXFileReference; fileEncoding = 4; lastKnownFileType = sourcecode.c.objc; path = Message.m; sourceTree = "<group>"; };
		CC280D971BF0413F00F44243 /* MKAnnotationView+WebCache.h */ = {isa = PBXFileReference; fileEncoding = 4; lastKnownFileType = sourcecode.c.h; path = "MKAnnotationView+WebCache.h"; sourceTree = "<group>"; };
		CC280D981BF0413F00F44243 /* MKAnnotationView+WebCache.m */ = {isa = PBXFileReference; fileEncoding = 4; lastKnownFileType = sourcecode.c.objc; path = "MKAnnotationView+WebCache.m"; sourceTree = "<group>"; };
		CC280D991BF0413F00F44243 /* NSData+ImageContentType.h */ = {isa = PBXFileReference; fileEncoding = 4; lastKnownFileType = sourcecode.c.h; path = "NSData+ImageContentType.h"; sourceTree = "<group>"; };
		CC280D9A1BF0413F00F44243 /* NSData+ImageContentType.m */ = {isa = PBXFileReference; fileEncoding = 4; lastKnownFileType = sourcecode.c.objc; path = "NSData+ImageContentType.m"; sourceTree = "<group>"; };
		CC280D9B1BF0413F00F44243 /* SDImageCache.h */ = {isa = PBXFileReference; fileEncoding = 4; lastKnownFileType = sourcecode.c.h; path = SDImageCache.h; sourceTree = "<group>"; };
		CC280D9C1BF0413F00F44243 /* SDImageCache.m */ = {isa = PBXFileReference; fileEncoding = 4; lastKnownFileType = sourcecode.c.objc; path = SDImageCache.m; sourceTree = "<group>"; };
		CC280D9D1BF0413F00F44243 /* SDWebImageCompat.h */ = {isa = PBXFileReference; fileEncoding = 4; lastKnownFileType = sourcecode.c.h; path = SDWebImageCompat.h; sourceTree = "<group>"; };
		CC280D9E1BF0413F00F44243 /* SDWebImageCompat.m */ = {isa = PBXFileReference; fileEncoding = 4; lastKnownFileType = sourcecode.c.objc; path = SDWebImageCompat.m; sourceTree = "<group>"; };
		CC280D9F1BF0413F00F44243 /* SDWebImageDecoder.h */ = {isa = PBXFileReference; fileEncoding = 4; lastKnownFileType = sourcecode.c.h; path = SDWebImageDecoder.h; sourceTree = "<group>"; };
		CC280DA01BF0413F00F44243 /* SDWebImageDecoder.m */ = {isa = PBXFileReference; fileEncoding = 4; lastKnownFileType = sourcecode.c.objc; path = SDWebImageDecoder.m; sourceTree = "<group>"; };
		CC280DA11BF0413F00F44243 /* SDWebImageDownloader.h */ = {isa = PBXFileReference; fileEncoding = 4; lastKnownFileType = sourcecode.c.h; path = SDWebImageDownloader.h; sourceTree = "<group>"; };
		CC280DA21BF0413F00F44243 /* SDWebImageDownloader.m */ = {isa = PBXFileReference; fileEncoding = 4; lastKnownFileType = sourcecode.c.objc; path = SDWebImageDownloader.m; sourceTree = "<group>"; };
		CC280DA31BF0413F00F44243 /* SDWebImageDownloaderOperation.h */ = {isa = PBXFileReference; fileEncoding = 4; lastKnownFileType = sourcecode.c.h; path = SDWebImageDownloaderOperation.h; sourceTree = "<group>"; };
		CC280DA41BF0413F00F44243 /* SDWebImageDownloaderOperation.m */ = {isa = PBXFileReference; fileEncoding = 4; lastKnownFileType = sourcecode.c.objc; path = SDWebImageDownloaderOperation.m; sourceTree = "<group>"; };
		CC280DA51BF0413F00F44243 /* SDWebImageManager.h */ = {isa = PBXFileReference; fileEncoding = 4; lastKnownFileType = sourcecode.c.h; path = SDWebImageManager.h; sourceTree = "<group>"; };
		CC280DA61BF0413F00F44243 /* SDWebImageManager.m */ = {isa = PBXFileReference; fileEncoding = 4; lastKnownFileType = sourcecode.c.objc; path = SDWebImageManager.m; sourceTree = "<group>"; };
		CC280DA71BF0413F00F44243 /* SDWebImageOperation.h */ = {isa = PBXFileReference; fileEncoding = 4; lastKnownFileType = sourcecode.c.h; path = SDWebImageOperation.h; sourceTree = "<group>"; };
		CC280DA81BF0413F00F44243 /* SDWebImagePrefetcher.h */ = {isa = PBXFileReference; fileEncoding = 4; lastKnownFileType = sourcecode.c.h; path = SDWebImagePrefetcher.h; sourceTree = "<group>"; };
		CC280DA91BF0413F00F44243 /* SDWebImagePrefetcher.m */ = {isa = PBXFileReference; fileEncoding = 4; lastKnownFileType = sourcecode.c.objc; path = SDWebImagePrefetcher.m; sourceTree = "<group>"; };
		CC280DAA1BF0413F00F44243 /* UIButton+WebCache.h */ = {isa = PBXFileReference; fileEncoding = 4; lastKnownFileType = sourcecode.c.h; path = "UIButton+WebCache.h"; sourceTree = "<group>"; };
		CC280DAB1BF0413F00F44243 /* UIButton+WebCache.m */ = {isa = PBXFileReference; fileEncoding = 4; lastKnownFileType = sourcecode.c.objc; path = "UIButton+WebCache.m"; sourceTree = "<group>"; };
		CC280DAC1BF0413F00F44243 /* UIImage+GIF.h */ = {isa = PBXFileReference; fileEncoding = 4; lastKnownFileType = sourcecode.c.h; path = "UIImage+GIF.h"; sourceTree = "<group>"; };
		CC280DAD1BF0413F00F44243 /* UIImage+GIF.m */ = {isa = PBXFileReference; fileEncoding = 4; lastKnownFileType = sourcecode.c.objc; path = "UIImage+GIF.m"; sourceTree = "<group>"; };
		CC280DAE1BF0413F00F44243 /* UIImage+MultiFormat.h */ = {isa = PBXFileReference; fileEncoding = 4; lastKnownFileType = sourcecode.c.h; path = "UIImage+MultiFormat.h"; sourceTree = "<group>"; };
		CC280DAF1BF0413F00F44243 /* UIImage+MultiFormat.m */ = {isa = PBXFileReference; fileEncoding = 4; lastKnownFileType = sourcecode.c.objc; path = "UIImage+MultiFormat.m"; sourceTree = "<group>"; };
		CC280DB01BF0413F00F44243 /* UIImage+WebP.h */ = {isa = PBXFileReference; fileEncoding = 4; lastKnownFileType = sourcecode.c.h; path = "UIImage+WebP.h"; sourceTree = "<group>"; };
		CC280DB11BF0413F00F44243 /* UIImage+WebP.m */ = {isa = PBXFileReference; fileEncoding = 4; lastKnownFileType = sourcecode.c.objc; path = "UIImage+WebP.m"; sourceTree = "<group>"; };
		CC280DB21BF0413F00F44243 /* UIImageView+HighlightedWebCache.h */ = {isa = PBXFileReference; fileEncoding = 4; lastKnownFileType = sourcecode.c.h; path = "UIImageView+HighlightedWebCache.h"; sourceTree = "<group>"; };
		CC280DB31BF0413F00F44243 /* UIImageView+HighlightedWebCache.m */ = {isa = PBXFileReference; fileEncoding = 4; lastKnownFileType = sourcecode.c.objc; path = "UIImageView+HighlightedWebCache.m"; sourceTree = "<group>"; };
		CC280DB41BF0413F00F44243 /* UIImageView+WebCache.h */ = {isa = PBXFileReference; fileEncoding = 4; lastKnownFileType = sourcecode.c.h; path = "UIImageView+WebCache.h"; sourceTree = "<group>"; };
		CC280DB51BF0413F00F44243 /* UIImageView+WebCache.m */ = {isa = PBXFileReference; fileEncoding = 4; lastKnownFileType = sourcecode.c.objc; path = "UIImageView+WebCache.m"; sourceTree = "<group>"; };
		CC280DB61BF0413F00F44243 /* UIView+WebCacheOperation.h */ = {isa = PBXFileReference; fileEncoding = 4; lastKnownFileType = sourcecode.c.h; path = "UIView+WebCacheOperation.h"; sourceTree = "<group>"; };
		CC280DB71BF0413F00F44243 /* UIView+WebCacheOperation.m */ = {isa = PBXFileReference; fileEncoding = 4; lastKnownFileType = sourcecode.c.objc; path = "UIView+WebCacheOperation.m"; sourceTree = "<group>"; };
		CC280DC91BF04AE000F44243 /* LoginViewController.h */ = {isa = PBXFileReference; fileEncoding = 4; lastKnownFileType = sourcecode.c.h; path = LoginViewController.h; sourceTree = "<group>"; };
		CC280DCA1BF04AE000F44243 /* LoginViewController.m */ = {isa = PBXFileReference; fileEncoding = 4; lastKnownFileType = sourcecode.c.objc; path = LoginViewController.m; sourceTree = "<group>"; };
		CC280DCC1BF0519C00F44243 /* Account.h */ = {isa = PBXFileReference; fileEncoding = 4; lastKnownFileType = sourcecode.c.h; path = Account.h; sourceTree = "<group>"; };
		CC280DCD1BF0519C00F44243 /* Account.m */ = {isa = PBXFileReference; fileEncoding = 4; lastKnownFileType = sourcecode.c.objc; path = Account.m; sourceTree = "<group>"; };
		CC7C7DA91BF0206D00BDCF1F /* loveChild.app */ = {isa = PBXFileReference; explicitFileType = wrapper.application; includeInIndex = 0; path = loveChild.app; sourceTree = BUILT_PRODUCTS_DIR; };
		CC7C7DAD1BF0206D00BDCF1F /* Info.plist */ = {isa = PBXFileReference; lastKnownFileType = text.plist.xml; path = Info.plist; sourceTree = "<group>"; };
		CC7C7DAE1BF0206D00BDCF1F /* main.m */ = {isa = PBXFileReference; lastKnownFileType = sourcecode.c.objc; path = main.m; sourceTree = "<group>"; };
		CC7C7DB01BF0206D00BDCF1F /* AppDelegate.h */ = {isa = PBXFileReference; lastKnownFileType = sourcecode.c.h; path = AppDelegate.h; sourceTree = "<group>"; };
		CC7C7DB11BF0206D00BDCF1F /* AppDelegate.m */ = {isa = PBXFileReference; lastKnownFileType = sourcecode.c.objc; path = AppDelegate.m; sourceTree = "<group>"; };
		CC7C7DB71BF0206D00BDCF1F /* Base */ = {isa = PBXFileReference; lastKnownFileType = file.storyboard; name = Base; path = Base.lproj/Main.storyboard; sourceTree = "<group>"; };
		CC7C7DB91BF0206D00BDCF1F /* Images.xcassets */ = {isa = PBXFileReference; lastKnownFileType = folder.assetcatalog; path = Images.xcassets; sourceTree = "<group>"; };
		CC7C7DBC1BF0206D00BDCF1F /* Base */ = {isa = PBXFileReference; lastKnownFileType = file.xib; name = Base; path = Base.lproj/LaunchScreen.xib; sourceTree = "<group>"; };
		CC7C7DC21BF0206D00BDCF1F /* loveChildTests.xctest */ = {isa = PBXFileReference; explicitFileType = wrapper.cfbundle; includeInIndex = 0; path = loveChildTests.xctest; sourceTree = BUILT_PRODUCTS_DIR; };
		CC7C7DC71BF0206D00BDCF1F /* Info.plist */ = {isa = PBXFileReference; lastKnownFileType = text.plist.xml; path = Info.plist; sourceTree = "<group>"; };
		CC7C7DC81BF0206D00BDCF1F /* loveChildTests.m */ = {isa = PBXFileReference; lastKnownFileType = sourcecode.c.objc; path = loveChildTests.m; sourceTree = "<group>"; };
		CCB7D0D11BF1991B00885B9E /* DetailTableViewController.h */ = {isa = PBXFileReference; fileEncoding = 4; lastKnownFileType = sourcecode.c.h; path = DetailTableViewController.h; sourceTree = "<group>"; };
		CCB7D0D21BF1991B00885B9E /* DetailTableViewController.m */ = {isa = PBXFileReference; fileEncoding = 4; lastKnownFileType = sourcecode.c.objc; path = DetailTableViewController.m; sourceTree = "<group>"; };
		CCB7D0D41BF1994900885B9E /* DetailTableViewCell.h */ = {isa = PBXFileReference; fileEncoding = 4; lastKnownFileType = sourcecode.c.h; path = DetailTableViewCell.h; sourceTree = "<group>"; };
		CCB7D0D51BF1994900885B9E /* DetailTableViewCell.m */ = {isa = PBXFileReference; fileEncoding = 4; lastKnownFileType = sourcecode.c.objc; path = DetailTableViewCell.m; sourceTree = "<group>"; };
		CCB7D0D81BF19F7800885B9E /* NSString+height.h */ = {isa = PBXFileReference; fileEncoding = 4; lastKnownFileType = sourcecode.c.h; path = "NSString+height.h"; sourceTree = "<group>"; };
		CCB7D0D91BF19F7800885B9E /* NSString+height.m */ = {isa = PBXFileReference; fileEncoding = 4; lastKnownFileType = sourcecode.c.objc; path = "NSString+height.m"; sourceTree = "<group>"; };
		CCB7D0DC1BF1B93A00885B9E /* HotSearchViewController.h */ = {isa = PBXFileReference; fileEncoding = 4; lastKnownFileType = sourcecode.c.h; path = HotSearchViewController.h; sourceTree = "<group>"; };
		CCB7D0DD1BF1B93A00885B9E /* HotSearchViewController.m */ = {isa = PBXFileReference; fileEncoding = 4; lastKnownFileType = sourcecode.c.objc; path = HotSearchViewController.m; sourceTree = "<group>"; };
		CCB7D0DF1BF1C35500885B9E /* HotSearch.h */ = {isa = PBXFileReference; fileEncoding = 4; lastKnownFileType = sourcecode.c.h; path = HotSearch.h; sourceTree = "<group>"; };
		CCB7D0E01BF1C35500885B9E /* HotSearch.m */ = {isa = PBXFileReference; fileEncoding = 4; lastKnownFileType = sourcecode.c.objc; path = HotSearch.m; sourceTree = "<group>"; };
		CCB7D0E21BF1C8FD00885B9E /* HotCollectionViewCell.h */ = {isa = PBXFileReference; fileEncoding = 4; lastKnownFileType = sourcecode.c.h; path = HotCollectionViewCell.h; sourceTree = "<group>"; };
		CCB7D0E31BF1C8FD00885B9E /* HotCollectionViewCell.m */ = {isa = PBXFileReference; fileEncoding = 4; lastKnownFileType = sourcecode.c.objc; path = HotCollectionViewCell.m; sourceTree = "<group>"; };
		CCB7D0E51BF1E57E00885B9E /* IATConfig.h */ = {isa = PBXFileReference; fileEncoding = 4; lastKnownFileType = sourcecode.c.h; path = IATConfig.h; sourceTree = "<group>"; };
		CCB7D0E61BF1E57E00885B9E /* IATConfig.m */ = {isa = PBXFileReference; fileEncoding = 4; lastKnownFileType = sourcecode.c.objc; path = IATConfig.m; sourceTree = "<group>"; };
		CCB7D0E91BF1E60100885B9E /* iflyMSC.framework */ = {isa = PBXFileReference; lastKnownFileType = wrapper.framework; path = iflyMSC.framework; sourceTree = "<group>"; };
		CCB7D0EB1BF1E60100885B9E /* IFlyFlowerCollector.h */ = {isa = PBXFileReference; fileEncoding = 4; lastKnownFileType = sourcecode.c.h; path = IFlyFlowerCollector.h; sourceTree = "<group>"; };
		CCB7D0EC1BF1E60100885B9E /* libSunFlower.a */ = {isa = PBXFileReference; lastKnownFileType = archive.ar; path = libSunFlower.a; sourceTree = "<group>"; };
		CCB7D0EF1BF1E64C00885B9E /* libz.dylib */ = {isa = PBXFileReference; lastKnownFileType = "compiled.mach-o.dylib"; name = libz.dylib; path = usr/lib/libz.dylib; sourceTree = SDKROOT; };
		CCB7D0F11BF1E65600885B9E /* CoreGraphics.framework */ = {isa = PBXFileReference; lastKnownFileType = wrapper.framework; name = CoreGraphics.framework; path = System/Library/Frameworks/CoreGraphics.framework; sourceTree = SDKROOT; };
		CCB7D0F31BF1E65F00885B9E /* QuartzCore.framework */ = {isa = PBXFileReference; lastKnownFileType = wrapper.framework; name = QuartzCore.framework; path = System/Library/Frameworks/QuartzCore.framework; sourceTree = SDKROOT; };
		CCB7D0F51BF1E66600885B9E /* AddressBook.framework */ = {isa = PBXFileReference; lastKnownFileType = wrapper.framework; name = AddressBook.framework; path = System/Library/Frameworks/AddressBook.framework; sourceTree = SDKROOT; };
		CCB7D0F71BF1E66D00885B9E /* CoreLocation.framework */ = {isa = PBXFileReference; lastKnownFileType = wrapper.framework; name = CoreLocation.framework; path = System/Library/Frameworks/CoreLocation.framework; sourceTree = SDKROOT; };
		CCB7D0F91BF1E67400885B9E /* UIKit.framework */ = {isa = PBXFileReference; lastKnownFileType = wrapper.framework; name = UIKit.framework; path = System/Library/Frameworks/UIKit.framework; sourceTree = SDKROOT; };
		CCB7D0FB1BF1E67B00885B9E /* AudioToolbox.framework */ = {isa = PBXFileReference; lastKnownFileType = wrapper.framework; name = AudioToolbox.framework; path = System/Library/Frameworks/AudioToolbox.framework; sourceTree = SDKROOT; };
		CCB7D0FD1BF1E68500885B9E /* CoreTelephony.framework */ = {isa = PBXFileReference; lastKnownFileType = wrapper.framework; name = CoreTelephony.framework; path = System/Library/Frameworks/CoreTelephony.framework; sourceTree = SDKROOT; };
		CCB7D0FF1BF1E68E00885B9E /* Foundation.framework */ = {isa = PBXFileReference; lastKnownFileType = wrapper.framework; name = Foundation.framework; path = System/Library/Frameworks/Foundation.framework; sourceTree = SDKROOT; };
		CCB7D1011BF1E69900885B9E /* SystemConfiguration.framework */ = {isa = PBXFileReference; lastKnownFileType = wrapper.framework; name = SystemConfiguration.framework; path = System/Library/Frameworks/SystemConfiguration.framework; sourceTree = SDKROOT; };
		CCB7D1031BF1E6A000885B9E /* AVFoundation.framework */ = {isa = PBXFileReference; lastKnownFileType = wrapper.framework; name = AVFoundation.framework; path = System/Library/Frameworks/AVFoundation.framework; sourceTree = SDKROOT; };
		CCB7D1061BF2071C00885B9E /* SaveTableViewController.h */ = {isa = PBXFileReference; fileEncoding = 4; lastKnownFileType = sourcecode.c.h; path = SaveTableViewController.h; sourceTree = "<group>"; };
		CCB7D1071BF2071C00885B9E /* SaveTableViewController.m */ = {isa = PBXFileReference; fileEncoding = 4; lastKnownFileType = sourcecode.c.objc; path = SaveTableViewController.m; sourceTree = "<group>"; };
		CCB7D10A1BF21B9800885B9E /* SVIndefiniteAnimatedView.h */ = {isa = PBXFileReference; fileEncoding = 4; lastKnownFileType = sourcecode.c.h; path = SVIndefiniteAnimatedView.h; sourceTree = "<group>"; };
		CCB7D10B1BF21B9800885B9E /* SVIndefiniteAnimatedView.m */ = {isa = PBXFileReference; fileEncoding = 4; lastKnownFileType = sourcecode.c.objc; path = SVIndefiniteAnimatedView.m; sourceTree = "<group>"; };
		CCB7D10C1BF21B9800885B9E /* SVProgressHUD-Prefix.pch */ = {isa = PBXFileReference; fileEncoding = 4; lastKnownFileType = sourcecode.c.h; path = "SVProgressHUD-Prefix.pch"; sourceTree = "<group>"; };
		CCB7D10D1BF21B9800885B9E /* SVProgressHUD.bundle */ = {isa = PBXFileReference; lastKnownFileType = "wrapper.plug-in"; path = SVProgressHUD.bundle; sourceTree = "<group>"; };
		CCB7D10E1BF21B9800885B9E /* SVProgressHUD.h */ = {isa = PBXFileReference; fileEncoding = 4; lastKnownFileType = sourcecode.c.h; path = SVProgressHUD.h; sourceTree = "<group>"; };
		CCB7D10F1BF21B9800885B9E /* SVProgressHUD.m */ = {isa = PBXFileReference; fileEncoding = 4; lastKnownFileType = sourcecode.c.objc; path = SVProgressHUD.m; sourceTree = "<group>"; };
		CCB7D1151BF2248200885B9E /* MJRefreshAutoFooter.h */ = {isa = PBXFileReference; fileEncoding = 4; lastKnownFileType = sourcecode.c.h; path = MJRefreshAutoFooter.h; sourceTree = "<group>"; };
		CCB7D1161BF2248200885B9E /* MJRefreshAutoFooter.m */ = {isa = PBXFileReference; fileEncoding = 4; lastKnownFileType = sourcecode.c.objc; path = MJRefreshAutoFooter.m; sourceTree = "<group>"; };
		CCB7D1171BF2248200885B9E /* MJRefreshBackFooter.h */ = {isa = PBXFileReference; fileEncoding = 4; lastKnownFileType = sourcecode.c.h; path = MJRefreshBackFooter.h; sourceTree = "<group>"; };
		CCB7D1181BF2248200885B9E /* MJRefreshBackFooter.m */ = {isa = PBXFileReference; fileEncoding = 4; lastKnownFileType = sourcecode.c.objc; path = MJRefreshBackFooter.m; sourceTree = "<group>"; };
		CCB7D1191BF2248200885B9E /* MJRefreshComponent.h */ = {isa = PBXFileReference; fileEncoding = 4; lastKnownFileType = sourcecode.c.h; path = MJRefreshComponent.h; sourceTree = "<group>"; };
		CCB7D11A1BF2248200885B9E /* MJRefreshComponent.m */ = {isa = PBXFileReference; fileEncoding = 4; lastKnownFileType = sourcecode.c.objc; path = MJRefreshComponent.m; sourceTree = "<group>"; };
		CCB7D11B1BF2248200885B9E /* MJRefreshFooter.h */ = {isa = PBXFileReference; fileEncoding = 4; lastKnownFileType = sourcecode.c.h; path = MJRefreshFooter.h; sourceTree = "<group>"; };
		CCB7D11C1BF2248200885B9E /* MJRefreshFooter.m */ = {isa = PBXFileReference; fileEncoding = 4; lastKnownFileType = sourcecode.c.objc; path = MJRefreshFooter.m; sourceTree = "<group>"; };
		CCB7D11D1BF2248200885B9E /* MJRefreshHeader.h */ = {isa = PBXFileReference; fileEncoding = 4; lastKnownFileType = sourcecode.c.h; path = MJRefreshHeader.h; sourceTree = "<group>"; };
		CCB7D11E1BF2248200885B9E /* MJRefreshHeader.m */ = {isa = PBXFileReference; fileEncoding = 4; lastKnownFileType = sourcecode.c.objc; path = MJRefreshHeader.m; sourceTree = "<group>"; };
		CCB7D1221BF2248200885B9E /* MJRefreshAutoGifFooter.h */ = {isa = PBXFileReference; fileEncoding = 4; lastKnownFileType = sourcecode.c.h; path = MJRefreshAutoGifFooter.h; sourceTree = "<group>"; };
		CCB7D1231BF2248200885B9E /* MJRefreshAutoGifFooter.m */ = {isa = PBXFileReference; fileEncoding = 4; lastKnownFileType = sourcecode.c.objc; path = MJRefreshAutoGifFooter.m; sourceTree = "<group>"; };
		CCB7D1241BF2248200885B9E /* MJRefreshAutoNormalFooter.h */ = {isa = PBXFileReference; fileEncoding = 4; lastKnownFileType = sourcecode.c.h; path = MJRefreshAutoNormalFooter.h; sourceTree = "<group>"; };
		CCB7D1251BF2248200885B9E /* MJRefreshAutoNormalFooter.m */ = {isa = PBXFileReference; fileEncoding = 4; lastKnownFileType = sourcecode.c.objc; path = MJRefreshAutoNormalFooter.m; sourceTree = "<group>"; };
		CCB7D1261BF2248200885B9E /* MJRefreshAutoStateFooter.h */ = {isa = PBXFileReference; fileEncoding = 4; lastKnownFileType = sourcecode.c.h; path = MJRefreshAutoStateFooter.h; sourceTree = "<group>"; };
		CCB7D1271BF2248200885B9E /* MJRefreshAutoStateFooter.m */ = {isa = PBXFileReference; fileEncoding = 4; lastKnownFileType = sourcecode.c.objc; path = MJRefreshAutoStateFooter.m; sourceTree = "<group>"; };
		CCB7D1291BF2248200885B9E /* MJRefreshBackGifFooter.h */ = {isa = PBXFileReference; fileEncoding = 4; lastKnownFileType = sourcecode.c.h; path = MJRefreshBackGifFooter.h; sourceTree = "<group>"; };
		CCB7D12A1BF2248200885B9E /* MJRefreshBackGifFooter.m */ = {isa = PBXFileReference; fileEncoding = 4; lastKnownFileType = sourcecode.c.objc; path = MJRefreshBackGifFooter.m; sourceTree = "<group>"; };
		CCB7D12B1BF2248200885B9E /* MJRefreshBackNormalFooter.h */ = {isa = PBXFileReference; fileEncoding = 4; lastKnownFileType = sourcecode.c.h; path = MJRefreshBackNormalFooter.h; sourceTree = "<group>"; };
		CCB7D12C1BF2248200885B9E /* MJRefreshBackNormalFooter.m */ = {isa = PBXFileReference; fileEncoding = 4; lastKnownFileType = sourcecode.c.objc; path = MJRefreshBackNormalFooter.m; sourceTree = "<group>"; };
		CCB7D12D1BF2248200885B9E /* MJRefreshBackStateFooter.h */ = {isa = PBXFileReference; fileEncoding = 4; lastKnownFileType = sourcecode.c.h; path = MJRefreshBackStateFooter.h; sourceTree = "<group>"; };
		CCB7D12E1BF2248200885B9E /* MJRefreshBackStateFooter.m */ = {isa = PBXFileReference; fileEncoding = 4; lastKnownFileType = sourcecode.c.objc; path = MJRefreshBackStateFooter.m; sourceTree = "<group>"; };
		CCB7D1301BF2248200885B9E /* MJRefreshGifHeader.h */ = {isa = PBXFileReference; fileEncoding = 4; lastKnownFileType = sourcecode.c.h; path = MJRefreshGifHeader.h; sourceTree = "<group>"; };
		CCB7D1311BF2248200885B9E /* MJRefreshGifHeader.m */ = {isa = PBXFileReference; fileEncoding = 4; lastKnownFileType = sourcecode.c.objc; path = MJRefreshGifHeader.m; sourceTree = "<group>"; };
		CCB7D1321BF2248200885B9E /* MJRefreshNormalHeader.h */ = {isa = PBXFileReference; fileEncoding = 4; lastKnownFileType = sourcecode.c.h; path = MJRefreshNormalHeader.h; sourceTree = "<group>"; };
		CCB7D1331BF2248200885B9E /* MJRefreshNormalHeader.m */ = {isa = PBXFileReference; fileEncoding = 4; lastKnownFileType = sourcecode.c.objc; path = MJRefreshNormalHeader.m; sourceTree = "<group>"; };
		CCB7D1341BF2248200885B9E /* MJRefreshStateHeader.h */ = {isa = PBXFileReference; fileEncoding = 4; lastKnownFileType = sourcecode.c.h; path = MJRefreshStateHeader.h; sourceTree = "<group>"; };
		CCB7D1351BF2248200885B9E /* MJRefreshStateHeader.m */ = {isa = PBXFileReference; fileEncoding = 4; lastKnownFileType = sourcecode.c.objc; path = MJRefreshStateHeader.m; sourceTree = "<group>"; };
		CCB7D1361BF2248200885B9E /* MJRefresh.bundle */ = {isa = PBXFileReference; lastKnownFileType = "wrapper.plug-in"; path = MJRefresh.bundle; sourceTree = "<group>"; };
		CCB7D1371BF2248200885B9E /* MJRefresh.h */ = {isa = PBXFileReference; fileEncoding = 4; lastKnownFileType = sourcecode.c.h; path = MJRefresh.h; sourceTree = "<group>"; };
		CCB7D1381BF2248200885B9E /* MJRefreshConst.h */ = {isa = PBXFileReference; fileEncoding = 4; lastKnownFileType = sourcecode.c.h; path = MJRefreshConst.h; sourceTree = "<group>"; };
		CCB7D1391BF2248200885B9E /* MJRefreshConst.m */ = {isa = PBXFileReference; fileEncoding = 4; lastKnownFileType = sourcecode.c.objc; path = MJRefreshConst.m; sourceTree = "<group>"; };
		CCB7D13A1BF2248200885B9E /* UIScrollView+MJExtension.h */ = {isa = PBXFileReference; fileEncoding = 4; lastKnownFileType = sourcecode.c.h; path = "UIScrollView+MJExtension.h"; sourceTree = "<group>"; };
		CCB7D13B1BF2248200885B9E /* UIScrollView+MJExtension.m */ = {isa = PBXFileReference; fileEncoding = 4; lastKnownFileType = sourcecode.c.objc; path = "UIScrollView+MJExtension.m"; sourceTree = "<group>"; };
		CCB7D13C1BF2248200885B9E /* UIScrollView+MJRefresh.h */ = {isa = PBXFileReference; fileEncoding = 4; lastKnownFileType = sourcecode.c.h; path = "UIScrollView+MJRefresh.h"; sourceTree = "<group>"; };
		CCB7D13D1BF2248200885B9E /* UIScrollView+MJRefresh.m */ = {isa = PBXFileReference; fileEncoding = 4; lastKnownFileType = sourcecode.c.objc; path = "UIScrollView+MJRefresh.m"; sourceTree = "<group>"; };
		CCB7D13E1BF2248200885B9E /* UIView+MJExtension.h */ = {isa = PBXFileReference; fileEncoding = 4; lastKnownFileType = sourcecode.c.h; path = "UIView+MJExtension.h"; sourceTree = "<group>"; };
		CCB7D13F1BF2248200885B9E /* UIView+MJExtension.m */ = {isa = PBXFileReference; fileEncoding = 4; lastKnownFileType = sourcecode.c.objc; path = "UIView+MJExtension.m"; sourceTree = "<group>"; };
		CCB7D1541BF22ADF00885B9E /* SetTableViewController.h */ = {isa = PBXFileReference; fileEncoding = 4; lastKnownFileType = sourcecode.c.h; path = SetTableViewController.h; sourceTree = "<group>"; };
		CCB7D1551BF22ADF00885B9E /* SetTableViewController.m */ = {isa = PBXFileReference; fileEncoding = 4; lastKnownFileType = sourcecode.c.objc; path = SetTableViewController.m; sourceTree = "<group>"; };
		CCB9790B1BF302E1007B9215 /* TencentOpenAPI.framework */ = {isa = PBXFileReference; lastKnownFileType = wrapper.framework; path = TencentOpenAPI.framework; sourceTree = "<group>"; };
		CCB9790C1BF302E1007B9215 /* TencentOpenApi_IOS_Bundle.bundle */ = {isa = PBXFileReference; lastKnownFileType = "wrapper.plug-in"; path = TencentOpenApi_IOS_Bundle.bundle; sourceTree = "<group>"; };
		CCB9790F1BF302E1007B9215 /* libWeiboSDK.a */ = {isa = PBXFileReference; lastKnownFileType = archive.ar; path = libWeiboSDK.a; sourceTree = "<group>"; };
		CCB979101BF302E1007B9215 /* WBHttpRequest+WeiboShare.h */ = {isa = PBXFileReference; fileEncoding = 4; lastKnownFileType = sourcecode.c.h; path = "WBHttpRequest+WeiboShare.h"; sourceTree = "<group>"; };
		CCB979111BF302E1007B9215 /* WBHttpRequest+WeiboToken.h */ = {isa = PBXFileReference; fileEncoding = 4; lastKnownFileType = sourcecode.c.h; path = "WBHttpRequest+WeiboToken.h"; sourceTree = "<group>"; };
		CCB979121BF302E1007B9215 /* WBHttpRequest+WeiboUser.h */ = {isa = PBXFileReference; fileEncoding = 4; lastKnownFileType = sourcecode.c.h; path = "WBHttpRequest+WeiboUser.h"; sourceTree = "<group>"; };
		CCB979131BF302E1007B9215 /* WBHttpRequest.h */ = {isa = PBXFileReference; fileEncoding = 4; lastKnownFileType = sourcecode.c.h; path = WBHttpRequest.h; sourceTree = "<group>"; };
		CCB979141BF302E1007B9215 /* WBSDKBasicButton.h */ = {isa = PBXFileReference; fileEncoding = 4; lastKnownFileType = sourcecode.c.h; path = WBSDKBasicButton.h; sourceTree = "<group>"; };
		CCB979151BF302E1007B9215 /* WBSDKCommentButton.h */ = {isa = PBXFileReference; fileEncoding = 4; lastKnownFileType = sourcecode.c.h; path = WBSDKCommentButton.h; sourceTree = "<group>"; };
		CCB979161BF302E1007B9215 /* WBSDKRelationshipButton.h */ = {isa = PBXFileReference; fileEncoding = 4; lastKnownFileType = sourcecode.c.h; path = WBSDKRelationshipButton.h; sourceTree = "<group>"; };
		CCB979171BF302E1007B9215 /* WeiboSDK.bundle */ = {isa = PBXFileReference; lastKnownFileType = "wrapper.plug-in"; path = WeiboSDK.bundle; sourceTree = "<group>"; };
		CCB979181BF302E1007B9215 /* WeiboSDK.h */ = {isa = PBXFileReference; fileEncoding = 4; lastKnownFileType = sourcecode.c.h; path = WeiboSDK.h; sourceTree = "<group>"; };
		CCB979191BF302E1007B9215 /* WeiboUser.h */ = {isa = PBXFileReference; fileEncoding = 4; lastKnownFileType = sourcecode.c.h; path = WeiboUser.h; sourceTree = "<group>"; };
		CCB9791B1BF302E1007B9215 /* libWeChatSDK.a */ = {isa = PBXFileReference; lastKnownFileType = archive.ar; path = libWeChatSDK.a; sourceTree = "<group>"; };
		CCB9791C1BF302E1007B9215 /* WXApi.h */ = {isa = PBXFileReference; fileEncoding = 4; lastKnownFileType = sourcecode.c.h; path = WXApi.h; sourceTree = "<group>"; };
		CCB9791D1BF302E1007B9215 /* WXApiObject.h */ = {isa = PBXFileReference; fileEncoding = 4; lastKnownFileType = sourcecode.c.h; path = WXApiObject.h; sourceTree = "<group>"; };
		CCB9791E1BF302E1007B9215 /* MOBFoundation.framework */ = {isa = PBXFileReference; lastKnownFileType = wrapper.framework; path = MOBFoundation.framework; sourceTree = "<group>"; };
		CCB9791F1BF302E1007B9215 /* ShareSDK.bundle */ = {isa = PBXFileReference; lastKnownFileType = "wrapper.plug-in"; path = ShareSDK.bundle; sourceTree = "<group>"; };
		CCB979201BF302E1007B9215 /* ShareSDK.framework */ = {isa = PBXFileReference; lastKnownFileType = wrapper.framework; path = ShareSDK.framework; sourceTree = "<group>"; };
		CCB979211BF302E1007B9215 /* ShareSDKConnector.framework */ = {isa = PBXFileReference; lastKnownFileType = wrapper.framework; path = ShareSDKConnector.framework; sourceTree = "<group>"; };
		CCB979221BF302E1007B9215 /* ShareSDKExtension.framework */ = {isa = PBXFileReference; lastKnownFileType = wrapper.framework; path = ShareSDKExtension.framework; sourceTree = "<group>"; };
		CCB979231BF302E1007B9215 /* ShareSDKUI.bundle */ = {isa = PBXFileReference; lastKnownFileType = "wrapper.plug-in"; path = ShareSDKUI.bundle; sourceTree = "<group>"; };
		CCB979241BF302E1007B9215 /* ShareSDKUI.framework */ = {isa = PBXFileReference; lastKnownFileType = wrapper.framework; path = ShareSDKUI.framework; sourceTree = "<group>"; };
		CCB979311BF30379007B9215 /* libicucore.dylib */ = {isa = PBXFileReference; lastKnownFileType = "compiled.mach-o.dylib"; name = libicucore.dylib; path = usr/lib/libicucore.dylib; sourceTree = SDKROOT; };
		CCB979331BF3038C007B9215 /* libstdc++.dylib */ = {isa = PBXFileReference; lastKnownFileType = "compiled.mach-o.dylib"; name = "libstdc++.dylib"; path = "usr/lib/libstdc++.dylib"; sourceTree = SDKROOT; };
		CCB979351BF30395007B9215 /* JavaScriptCore.framework */ = {isa = PBXFileReference; lastKnownFileType = wrapper.framework; name = JavaScriptCore.framework; path = System/Library/Frameworks/JavaScriptCore.framework; sourceTree = SDKROOT; };
		CCB979371BF3039F007B9215 /* ImageIO.framework */ = {isa = PBXFileReference; lastKnownFileType = wrapper.framework; name = ImageIO.framework; path = System/Library/Frameworks/ImageIO.framework; sourceTree = SDKROOT; };
		CCB979391BF303A7007B9215 /* libsqlite3.dylib */ = {isa = PBXFileReference; lastKnownFileType = "compiled.mach-o.dylib"; name = libsqlite3.dylib; path = usr/lib/libsqlite3.dylib; sourceTree = SDKROOT; };
/* End PBXFileReference section */

/* Begin PBXFrameworksBuildPhase section */
		CC7C7DA61BF0206D00BDCF1F /* Frameworks */ = {
			isa = PBXFrameworksBuildPhase;
			buildActionMask = 2147483647;
			files = (
				CCB9793A1BF303A7007B9215 /* libsqlite3.dylib in Frameworks */,
				CCB979381BF3039F007B9215 /* ImageIO.framework in Frameworks */,
				CCB979361BF30395007B9215 /* JavaScriptCore.framework in Frameworks */,
				CCB979341BF3038C007B9215 /* libstdc++.dylib in Frameworks */,
				CCB7D0F01BF1E64C00885B9E /* libz.dylib in Frameworks */,
				CCB979321BF30379007B9215 /* libicucore.dylib in Frameworks */,
				CCB7D1041BF1E6A000885B9E /* AVFoundation.framework in Frameworks */,
				CCB7D1021BF1E69900885B9E /* SystemConfiguration.framework in Frameworks */,
				CCB979291BF302E1007B9215 /* libWeChatSDK.a in Frameworks */,
				CCB7D1001BF1E68E00885B9E /* Foundation.framework in Frameworks */,
				CCB979301BF302E1007B9215 /* ShareSDKUI.framework in Frameworks */,
				CCB9792D1BF302E1007B9215 /* ShareSDKConnector.framework in Frameworks */,
				CCB7D0FE1BF1E68500885B9E /* CoreTelephony.framework in Frameworks */,
				CCB7D0FC1BF1E67B00885B9E /* AudioToolbox.framework in Frameworks */,
				CCB979251BF302E1007B9215 /* TencentOpenAPI.framework in Frameworks */,
				CCB7D0FA1BF1E67400885B9E /* UIKit.framework in Frameworks */,
				CCB7D0F81BF1E66D00885B9E /* CoreLocation.framework in Frameworks */,
				CCB7D0F61BF1E66600885B9E /* AddressBook.framework in Frameworks */,
				CCB7D0F41BF1E65F00885B9E /* QuartzCore.framework in Frameworks */,
				CCB979271BF302E1007B9215 /* libWeiboSDK.a in Frameworks */,
				CCB7D0F21BF1E65600885B9E /* CoreGraphics.framework in Frameworks */,
				CCB7D0ED1BF1E60100885B9E /* iflyMSC.framework in Frameworks */,
				CCB9792C1BF302E1007B9215 /* ShareSDK.framework in Frameworks */,
				CCB9792E1BF302E1007B9215 /* ShareSDKExtension.framework in Frameworks */,
				CCB9792A1BF302E1007B9215 /* MOBFoundation.framework in Frameworks */,
				CCB7D0EE1BF1E60100885B9E /* libSunFlower.a in Frameworks */,
			);
			runOnlyForDeploymentPostprocessing = 0;
		};
		CC7C7DBF1BF0206D00BDCF1F /* Frameworks */ = {
			isa = PBXFrameworksBuildPhase;
			buildActionMask = 2147483647;
			files = (
			);
			runOnlyForDeploymentPostprocessing = 0;
		};
/* End PBXFrameworksBuildPhase section */

/* Begin PBXGroup section */
		CC280D5E1BF0245F00F44243 /* Controllers */ = {
			isa = PBXGroup;
			children = (
				CCB7D1531BF22AD300885B9E /* set */,
				CCB7D1051BF206FF00885B9E /* save */,
				CCB7D0DB1BF1B90100885B9E /* hotSearch */,
				CC280DC81BF04ACD00F44243 /* login */,
				CC280D6D1BF0252200F44243 /* main */,
				CC280D651BF0249D00F44243 /* guide */,
				CC280D641BF0249200F44243 /* home */,
				CC280D691BF024B200F44243 /* result */,
				CCB7D0D01BF1990000885B9E /* detail */,
			);
			name = Controllers;
			sourceTree = "<group>";
		};
		CC280D5F1BF0246400F44243 /* Views */ = {
			isa = PBXGroup;
			children = (
				CC7C7DB61BF0206D00BDCF1F /* Main.storyboard */,
				CC280D711BF02CB600F44243 /* ResultTableViewCell.h */,
				CC280D721BF02CB600F44243 /* ResultTableViewCell.m */,
				CCB7D0D41BF1994900885B9E /* DetailTableViewCell.h */,
				CCB7D0D51BF1994900885B9E /* DetailTableViewCell.m */,
				CCB7D0E21BF1C8FD00885B9E /* HotCollectionViewCell.h */,
				CCB7D0E31BF1C8FD00885B9E /* HotCollectionViewCell.m */,
			);
			name = Views;
			sourceTree = "<group>";
		};
		CC280D601BF0246900F44243 /* Models */ = {
			isa = PBXGroup;
			children = (
				CC280D931BF0367900F44243 /* Message.h */,
				CC280D941BF0367900F44243 /* Message.m */,
				CC280DCC1BF0519C00F44243 /* Account.h */,
				CC280DCD1BF0519C00F44243 /* Account.m */,
				CCB7D0DF1BF1C35500885B9E /* HotSearch.h */,
				CCB7D0E01BF1C35500885B9E /* HotSearch.m */,
			);
			name = Models;
			sourceTree = "<group>";
		};
		CC280D641BF0249200F44243 /* home */ = {
			isa = PBXGroup;
			children = (
				CC280D611BF0248800F44243 /* HomeViewController.h */,
				CC280D621BF0248800F44243 /* HomeViewController.m */,
			);
			name = home;
			sourceTree = "<group>";
		};
		CC280D651BF0249D00F44243 /* guide */ = {
			isa = PBXGroup;
			children = (
				CC280D661BF024AB00F44243 /* GuideViewController.h */,
				CC280D671BF024AB00F44243 /* GuideViewController.m */,
			);
			name = guide;
			sourceTree = "<group>";
		};
		CC280D691BF024B200F44243 /* result */ = {
			isa = PBXGroup;
			children = (
				CC280D6A1BF024CA00F44243 /* ResultTableViewController.h */,
				CC280D6B1BF024CA00F44243 /* ResultTableViewController.m */,
			);
			name = result;
			sourceTree = "<group>";
		};
		CC280D6D1BF0252200F44243 /* main */ = {
			isa = PBXGroup;
			children = (
				CC280D6E1BF0253200F44243 /* MainViewController.h */,
				CC280D6F1BF0253200F44243 /* MainViewController.m */,
			);
			name = main;
			sourceTree = "<group>";
		};
		CC280D741BF02DEC00F44243 /* openSource */ = {
			isa = PBXGroup;
			children = (
				CCB979071BF302AD007B9215 /* ShareSDK */,
				CCB7D1131BF2248200885B9E /* MJRefresh */,
				CCB7D1091BF21B9800885B9E /* SVProgressHUD */,
				CCB7D0E81BF1E60100885B9E /* lib */,
				CC280D961BF0413F00F44243 /* SDWebImage */,
				CC280D751BF02DFF00F44243 /* AFNetworking */,
			);
			name = openSource;
			sourceTree = "<group>";
		};
		CC280D751BF02DFF00F44243 /* AFNetworking */ = {
			isa = PBXGroup;
			children = (
				CC280D761BF02DFF00F44243 /* AFHTTPRequestOperation.h */,
				CC280D771BF02DFF00F44243 /* AFHTTPRequestOperation.m */,
				CC280D781BF02DFF00F44243 /* AFHTTPRequestOperationManager.h */,
				CC280D791BF02DFF00F44243 /* AFHTTPRequestOperationManager.m */,
				CC280D7A1BF02DFF00F44243 /* AFHTTPSessionManager.h */,
				CC280D7B1BF02DFF00F44243 /* AFHTTPSessionManager.m */,
				CC280D7C1BF02DFF00F44243 /* AFNetworking.h */,
				CC280D7D1BF02DFF00F44243 /* AFNetworkReachabilityManager.h */,
				CC280D7E1BF02DFF00F44243 /* AFNetworkReachabilityManager.m */,
				CC280D7F1BF02DFF00F44243 /* AFSecurityPolicy.h */,
				CC280D801BF02DFF00F44243 /* AFSecurityPolicy.m */,
				CC280D811BF02DFF00F44243 /* AFURLConnectionOperation.h */,
				CC280D821BF02DFF00F44243 /* AFURLConnectionOperation.m */,
				CC280D831BF02DFF00F44243 /* AFURLRequestSerialization.h */,
				CC280D841BF02DFF00F44243 /* AFURLRequestSerialization.m */,
				CC280D851BF02DFF00F44243 /* AFURLResponseSerialization.h */,
				CC280D861BF02DFF00F44243 /* AFURLResponseSerialization.m */,
				CC280D871BF02DFF00F44243 /* AFURLSessionManager.h */,
				CC280D881BF02DFF00F44243 /* AFURLSessionManager.m */,
			);
			path = AFNetworking;
			sourceTree = "<group>";
		};
		CC280D961BF0413F00F44243 /* SDWebImage */ = {
			isa = PBXGroup;
			children = (
				CC280D971BF0413F00F44243 /* MKAnnotationView+WebCache.h */,
				CC280D981BF0413F00F44243 /* MKAnnotationView+WebCache.m */,
				CC280D991BF0413F00F44243 /* NSData+ImageContentType.h */,
				CC280D9A1BF0413F00F44243 /* NSData+ImageContentType.m */,
				CC280D9B1BF0413F00F44243 /* SDImageCache.h */,
				CC280D9C1BF0413F00F44243 /* SDImageCache.m */,
				CC280D9D1BF0413F00F44243 /* SDWebImageCompat.h */,
				CC280D9E1BF0413F00F44243 /* SDWebImageCompat.m */,
				CC280D9F1BF0413F00F44243 /* SDWebImageDecoder.h */,
				CC280DA01BF0413F00F44243 /* SDWebImageDecoder.m */,
				CC280DA11BF0413F00F44243 /* SDWebImageDownloader.h */,
				CC280DA21BF0413F00F44243 /* SDWebImageDownloader.m */,
				CC280DA31BF0413F00F44243 /* SDWebImageDownloaderOperation.h */,
				CC280DA41BF0413F00F44243 /* SDWebImageDownloaderOperation.m */,
				CC280DA51BF0413F00F44243 /* SDWebImageManager.h */,
				CC280DA61BF0413F00F44243 /* SDWebImageManager.m */,
				CC280DA71BF0413F00F44243 /* SDWebImageOperation.h */,
				CC280DA81BF0413F00F44243 /* SDWebImagePrefetcher.h */,
				CC280DA91BF0413F00F44243 /* SDWebImagePrefetcher.m */,
				CC280DAA1BF0413F00F44243 /* UIButton+WebCache.h */,
				CC280DAB1BF0413F00F44243 /* UIButton+WebCache.m */,
				CC280DAC1BF0413F00F44243 /* UIImage+GIF.h */,
				CC280DAD1BF0413F00F44243 /* UIImage+GIF.m */,
				CC280DAE1BF0413F00F44243 /* UIImage+MultiFormat.h */,
				CC280DAF1BF0413F00F44243 /* UIImage+MultiFormat.m */,
				CC280DB01BF0413F00F44243 /* UIImage+WebP.h */,
				CC280DB11BF0413F00F44243 /* UIImage+WebP.m */,
				CC280DB21BF0413F00F44243 /* UIImageView+HighlightedWebCache.h */,
				CC280DB31BF0413F00F44243 /* UIImageView+HighlightedWebCache.m */,
				CC280DB41BF0413F00F44243 /* UIImageView+WebCache.h */,
				CC280DB51BF0413F00F44243 /* UIImageView+WebCache.m */,
				CC280DB61BF0413F00F44243 /* UIView+WebCacheOperation.h */,
				CC280DB71BF0413F00F44243 /* UIView+WebCacheOperation.m */,
			);
			path = SDWebImage;
			sourceTree = "<group>";
		};
		CC280DC81BF04ACD00F44243 /* login */ = {
			isa = PBXGroup;
			children = (
				CC280DC91BF04AE000F44243 /* LoginViewController.h */,
				CC280DCA1BF04AE000F44243 /* LoginViewController.m */,
			);
			name = login;
			sourceTree = "<group>";
		};
		CC7C7DA01BF0206D00BDCF1F = {
			isa = PBXGroup;
			children = (
				CCB979391BF303A7007B9215 /* libsqlite3.dylib */,
				CCB979371BF3039F007B9215 /* ImageIO.framework */,
				CCB979351BF30395007B9215 /* JavaScriptCore.framework */,
				CCB979331BF3038C007B9215 /* libstdc++.dylib */,
				CCB979311BF30379007B9215 /* libicucore.dylib */,
				CC7C7DAB1BF0206D00BDCF1F /* loveChild */,
				CC7C7DC51BF0206D00BDCF1F /* loveChildTests */,
				CC7C7DAA1BF0206D00BDCF1F /* Products */,
			);
			sourceTree = "<group>";
		};
		CC7C7DAA1BF0206D00BDCF1F /* Products */ = {
			isa = PBXGroup;
			children = (
				CC7C7DA91BF0206D00BDCF1F /* loveChild.app */,
				CC7C7DC21BF0206D00BDCF1F /* loveChildTests.xctest */,
			);
			name = Products;
			sourceTree = "<group>";
		};
		CC7C7DAB1BF0206D00BDCF1F /* loveChild */ = {
			isa = PBXGroup;
			children = (
				CC280D741BF02DEC00F44243 /* openSource */,
				CCB7D0D71BF19F4D00885B9E /* tools */,
				CC280D5F1BF0246400F44243 /* Views */,
				CC280D601BF0246900F44243 /* Models */,
				CC280D5E1BF0245F00F44243 /* Controllers */,
				CC7C7DAC1BF0206D00BDCF1F /* Supporting Files */,
			);
			path = loveChild;
			sourceTree = "<group>";
		};
		CC7C7DAC1BF0206D00BDCF1F /* Supporting Files */ = {
			isa = PBXGroup;
			children = (
				CC280D921BF02E4600F44243 /* Common.h */,
				CC7C7DB91BF0206D00BDCF1F /* Images.xcassets */,
				CC7C7DBB1BF0206D00BDCF1F /* LaunchScreen.xib */,
				CC7C7DB01BF0206D00BDCF1F /* AppDelegate.h */,
				CC7C7DB11BF0206D00BDCF1F /* AppDelegate.m */,
				CC7C7DAD1BF0206D00BDCF1F /* Info.plist */,
				CC7C7DAE1BF0206D00BDCF1F /* main.m */,
			);
			name = "Supporting Files";
			sourceTree = "<group>";
		};
		CC7C7DC51BF0206D00BDCF1F /* loveChildTests */ = {
			isa = PBXGroup;
			children = (
				CC7C7DC81BF0206D00BDCF1F /* loveChildTests.m */,
				CC7C7DC61BF0206D00BDCF1F /* Supporting Files */,
			);
			path = loveChildTests;
			sourceTree = "<group>";
		};
		CC7C7DC61BF0206D00BDCF1F /* Supporting Files */ = {
			isa = PBXGroup;
			children = (
				CC7C7DC71BF0206D00BDCF1F /* Info.plist */,
			);
			name = "Supporting Files";
			sourceTree = "<group>";
		};
		CCB7D0D01BF1990000885B9E /* detail */ = {
			isa = PBXGroup;
			children = (
				CCB7D0D11BF1991B00885B9E /* DetailTableViewController.h */,
				CCB7D0D21BF1991B00885B9E /* DetailTableViewController.m */,
			);
			name = detail;
			sourceTree = "<group>";
		};
		CCB7D0D71BF19F4D00885B9E /* tools */ = {
			isa = PBXGroup;
			children = (
				CCB7D0E51BF1E57E00885B9E /* IATConfig.h */,
				CCB7D0E61BF1E57E00885B9E /* IATConfig.m */,
				CCB7D0D81BF19F7800885B9E /* NSString+height.h */,
				CCB7D0D91BF19F7800885B9E /* NSString+height.m */,
			);
			name = tools;
			sourceTree = "<group>";
		};
		CCB7D0DB1BF1B90100885B9E /* hotSearch */ = {
			isa = PBXGroup;
			children = (
				CCB7D0DC1BF1B93A00885B9E /* HotSearchViewController.h */,
				CCB7D0DD1BF1B93A00885B9E /* HotSearchViewController.m */,
			);
			name = hotSearch;
			sourceTree = "<group>";
		};
		CCB7D0E81BF1E60100885B9E /* lib */ = {
			isa = PBXGroup;
			children = (
				CCB7D1031BF1E6A000885B9E /* AVFoundation.framework */,
				CCB7D1011BF1E69900885B9E /* SystemConfiguration.framework */,
				CCB7D0FF1BF1E68E00885B9E /* Foundation.framework */,
				CCB7D0FD1BF1E68500885B9E /* CoreTelephony.framework */,
				CCB7D0FB1BF1E67B00885B9E /* AudioToolbox.framework */,
				CCB7D0F91BF1E67400885B9E /* UIKit.framework */,
				CCB7D0F71BF1E66D00885B9E /* CoreLocation.framework */,
				CCB7D0F51BF1E66600885B9E /* AddressBook.framework */,
				CCB7D0F31BF1E65F00885B9E /* QuartzCore.framework */,
				CCB7D0F11BF1E65600885B9E /* CoreGraphics.framework */,
				CCB7D0EF1BF1E64C00885B9E /* libz.dylib */,
				CCB7D0E91BF1E60100885B9E /* iflyMSC.framework */,
				CCB7D0EA1BF1E60100885B9E /* sunflower */,
			);
			path = lib;
			sourceTree = "<group>";
		};
		CCB7D0EA1BF1E60100885B9E /* sunflower */ = {
			isa = PBXGroup;
			children = (
				CCB7D0EB1BF1E60100885B9E /* IFlyFlowerCollector.h */,
				CCB7D0EC1BF1E60100885B9E /* libSunFlower.a */,
			);
			path = sunflower;
			sourceTree = "<group>";
		};
		CCB7D1051BF206FF00885B9E /* save */ = {
			isa = PBXGroup;
			children = (
				CCB7D1061BF2071C00885B9E /* SaveTableViewController.h */,
				CCB7D1071BF2071C00885B9E /* SaveTableViewController.m */,
			);
			name = save;
			sourceTree = "<group>";
		};
		CCB7D1091BF21B9800885B9E /* SVProgressHUD */ = {
			isa = PBXGroup;
			children = (
				CCB7D10A1BF21B9800885B9E /* SVIndefiniteAnimatedView.h */,
				CCB7D10B1BF21B9800885B9E /* SVIndefiniteAnimatedView.m */,
				CCB7D10C1BF21B9800885B9E /* SVProgressHUD-Prefix.pch */,
				CCB7D10D1BF21B9800885B9E /* SVProgressHUD.bundle */,
				CCB7D10E1BF21B9800885B9E /* SVProgressHUD.h */,
				CCB7D10F1BF21B9800885B9E /* SVProgressHUD.m */,
			);
			path = SVProgressHUD;
			sourceTree = "<group>";
		};
		CCB7D1131BF2248200885B9E /* MJRefresh */ = {
			isa = PBXGroup;
			children = (
				CCB7D1141BF2248200885B9E /* Base */,
				CCB7D11F1BF2248200885B9E /* Custom */,
				CCB7D1361BF2248200885B9E /* MJRefresh.bundle */,
				CCB7D1371BF2248200885B9E /* MJRefresh.h */,
				CCB7D1381BF2248200885B9E /* MJRefreshConst.h */,
				CCB7D1391BF2248200885B9E /* MJRefreshConst.m */,
				CCB7D13A1BF2248200885B9E /* UIScrollView+MJExtension.h */,
				CCB7D13B1BF2248200885B9E /* UIScrollView+MJExtension.m */,
				CCB7D13C1BF2248200885B9E /* UIScrollView+MJRefresh.h */,
				CCB7D13D1BF2248200885B9E /* UIScrollView+MJRefresh.m */,
				CCB7D13E1BF2248200885B9E /* UIView+MJExtension.h */,
				CCB7D13F1BF2248200885B9E /* UIView+MJExtension.m */,
			);
			path = MJRefresh;
			sourceTree = "<group>";
		};
		CCB7D1141BF2248200885B9E /* Base */ = {
			isa = PBXGroup;
			children = (
				CCB7D1151BF2248200885B9E /* MJRefreshAutoFooter.h */,
				CCB7D1161BF2248200885B9E /* MJRefreshAutoFooter.m */,
				CCB7D1171BF2248200885B9E /* MJRefreshBackFooter.h */,
				CCB7D1181BF2248200885B9E /* MJRefreshBackFooter.m */,
				CCB7D1191BF2248200885B9E /* MJRefreshComponent.h */,
				CCB7D11A1BF2248200885B9E /* MJRefreshComponent.m */,
				CCB7D11B1BF2248200885B9E /* MJRefreshFooter.h */,
				CCB7D11C1BF2248200885B9E /* MJRefreshFooter.m */,
				CCB7D11D1BF2248200885B9E /* MJRefreshHeader.h */,
				CCB7D11E1BF2248200885B9E /* MJRefreshHeader.m */,
			);
			path = Base;
			sourceTree = "<group>";
		};
		CCB7D11F1BF2248200885B9E /* Custom */ = {
			isa = PBXGroup;
			children = (
				CCB7D1201BF2248200885B9E /* Footer */,
				CCB7D12F1BF2248200885B9E /* Header */,
			);
			path = Custom;
			sourceTree = "<group>";
		};
		CCB7D1201BF2248200885B9E /* Footer */ = {
			isa = PBXGroup;
			children = (
				CCB7D1211BF2248200885B9E /* Auto */,
				CCB7D1281BF2248200885B9E /* Back */,
			);
			path = Footer;
			sourceTree = "<group>";
		};
		CCB7D1211BF2248200885B9E /* Auto */ = {
			isa = PBXGroup;
			children = (
				CCB7D1221BF2248200885B9E /* MJRefreshAutoGifFooter.h */,
				CCB7D1231BF2248200885B9E /* MJRefreshAutoGifFooter.m */,
				CCB7D1241BF2248200885B9E /* MJRefreshAutoNormalFooter.h */,
				CCB7D1251BF2248200885B9E /* MJRefreshAutoNormalFooter.m */,
				CCB7D1261BF2248200885B9E /* MJRefreshAutoStateFooter.h */,
				CCB7D1271BF2248200885B9E /* MJRefreshAutoStateFooter.m */,
			);
			path = Auto;
			sourceTree = "<group>";
		};
		CCB7D1281BF2248200885B9E /* Back */ = {
			isa = PBXGroup;
			children = (
				CCB7D1291BF2248200885B9E /* MJRefreshBackGifFooter.h */,
				CCB7D12A1BF2248200885B9E /* MJRefreshBackGifFooter.m */,
				CCB7D12B1BF2248200885B9E /* MJRefreshBackNormalFooter.h */,
				CCB7D12C1BF2248200885B9E /* MJRefreshBackNormalFooter.m */,
				CCB7D12D1BF2248200885B9E /* MJRefreshBackStateFooter.h */,
				CCB7D12E1BF2248200885B9E /* MJRefreshBackStateFooter.m */,
			);
			path = Back;
			sourceTree = "<group>";
		};
		CCB7D12F1BF2248200885B9E /* Header */ = {
			isa = PBXGroup;
			children = (
				CCB7D1301BF2248200885B9E /* MJRefreshGifHeader.h */,
				CCB7D1311BF2248200885B9E /* MJRefreshGifHeader.m */,
				CCB7D1321BF2248200885B9E /* MJRefreshNormalHeader.h */,
				CCB7D1331BF2248200885B9E /* MJRefreshNormalHeader.m */,
				CCB7D1341BF2248200885B9E /* MJRefreshStateHeader.h */,
				CCB7D1351BF2248200885B9E /* MJRefreshStateHeader.m */,
			);
			path = Header;
			sourceTree = "<group>";
		};
		CCB7D1531BF22AD300885B9E /* set */ = {
			isa = PBXGroup;
			children = (
				CCB7D1541BF22ADF00885B9E /* SetTableViewController.h */,
				CCB7D1551BF22ADF00885B9E /* SetTableViewController.m */,
			);
			name = set;
			sourceTree = "<group>";
		};
		CCB979071BF302AD007B9215 /* ShareSDK */ = {
			isa = PBXGroup;
			children = (
				CCB979081BF302E1007B9215 /* extends */,
				CCB9791E1BF302E1007B9215 /* MOBFoundation.framework */,
				CCB9791F1BF302E1007B9215 /* ShareSDK.bundle */,
				CCB979201BF302E1007B9215 /* ShareSDK.framework */,
				CCB979211BF302E1007B9215 /* ShareSDKConnector.framework */,
				CCB979221BF302E1007B9215 /* ShareSDKExtension.framework */,
				CCB979231BF302E1007B9215 /* ShareSDKUI.bundle */,
				CCB979241BF302E1007B9215 /* ShareSDKUI.framework */,
			);
			name = ShareSDK;
			sourceTree = "<group>";
		};
		CCB979081BF302E1007B9215 /* extends */ = {
			isa = PBXGroup;
			children = (
				CCB979091BF302E1007B9215 /* GooglePlusSDK */,
				CCB9790A1BF302E1007B9215 /* QQSDK */,
				CCB9790D1BF302E1007B9215 /* RenRenSDK */,
				CCB9790E1BF302E1007B9215 /* SinaWeiboSDK */,
				CCB9791A1BF302E1007B9215 /* WeChatSDK */,
			);
			path = extends;
			sourceTree = "<group>";
		};
		CCB979091BF302E1007B9215 /* GooglePlusSDK */ = {
			isa = PBXGroup;
			children = (
			);
			path = GooglePlusSDK;
			sourceTree = "<group>";
		};
		CCB9790A1BF302E1007B9215 /* QQSDK */ = {
			isa = PBXGroup;
			children = (
				CCB9790B1BF302E1007B9215 /* TencentOpenAPI.framework */,
				CCB9790C1BF302E1007B9215 /* TencentOpenApi_IOS_Bundle.bundle */,
			);
			path = QQSDK;
			sourceTree = "<group>";
		};
		CCB9790D1BF302E1007B9215 /* RenRenSDK */ = {
			isa = PBXGroup;
			children = (
			);
			path = RenRenSDK;
			sourceTree = "<group>";
		};
		CCB9790E1BF302E1007B9215 /* SinaWeiboSDK */ = {
			isa = PBXGroup;
			children = (
				CCB9790F1BF302E1007B9215 /* libWeiboSDK.a */,
				CCB979101BF302E1007B9215 /* WBHttpRequest+WeiboShare.h */,
				CCB979111BF302E1007B9215 /* WBHttpRequest+WeiboToken.h */,
				CCB979121BF302E1007B9215 /* WBHttpRequest+WeiboUser.h */,
				CCB979131BF302E1007B9215 /* WBHttpRequest.h */,
				CCB979141BF302E1007B9215 /* WBSDKBasicButton.h */,
				CCB979151BF302E1007B9215 /* WBSDKCommentButton.h */,
				CCB979161BF302E1007B9215 /* WBSDKRelationshipButton.h */,
				CCB979171BF302E1007B9215 /* WeiboSDK.bundle */,
				CCB979181BF302E1007B9215 /* WeiboSDK.h */,
				CCB979191BF302E1007B9215 /* WeiboUser.h */,
			);
			path = SinaWeiboSDK;
			sourceTree = "<group>";
		};
		CCB9791A1BF302E1007B9215 /* WeChatSDK */ = {
			isa = PBXGroup;
			children = (
				CCB9791B1BF302E1007B9215 /* libWeChatSDK.a */,
				CCB9791C1BF302E1007B9215 /* WXApi.h */,
				CCB9791D1BF302E1007B9215 /* WXApiObject.h */,
			);
			path = WeChatSDK;
			sourceTree = "<group>";
		};
/* End PBXGroup section */

/* Begin PBXNativeTarget section */
		CC7C7DA81BF0206D00BDCF1F /* loveChild */ = {
			isa = PBXNativeTarget;
			buildConfigurationList = CC7C7DCC1BF0206D00BDCF1F /* Build configuration list for PBXNativeTarget "loveChild" */;
			buildPhases = (
				CC7C7DA51BF0206D00BDCF1F /* Sources */,
				CC7C7DA61BF0206D00BDCF1F /* Frameworks */,
				CC7C7DA71BF0206D00BDCF1F /* Resources */,
			);
			buildRules = (
			);
			dependencies = (
			);
			name = loveChild;
			productName = loveChild;
			productReference = CC7C7DA91BF0206D00BDCF1F /* loveChild.app */;
			productType = "com.apple.product-type.application";
		};
		CC7C7DC11BF0206D00BDCF1F /* loveChildTests */ = {
			isa = PBXNativeTarget;
			buildConfigurationList = CC7C7DCF1BF0206D00BDCF1F /* Build configuration list for PBXNativeTarget "loveChildTests" */;
			buildPhases = (
				CC7C7DBE1BF0206D00BDCF1F /* Sources */,
				CC7C7DBF1BF0206D00BDCF1F /* Frameworks */,
				CC7C7DC01BF0206D00BDCF1F /* Resources */,
			);
			buildRules = (
			);
			dependencies = (
				CC7C7DC41BF0206D00BDCF1F /* PBXTargetDependency */,
			);
			name = loveChildTests;
			productName = loveChildTests;
			productReference = CC7C7DC21BF0206D00BDCF1F /* loveChildTests.xctest */;
			productType = "com.apple.product-type.bundle.unit-test";
		};
/* End PBXNativeTarget section */

/* Begin PBXProject section */
		CC7C7DA11BF0206D00BDCF1F /* Project object */ = {
			isa = PBXProject;
			attributes = {
				LastUpgradeCheck = 0640;
				ORGANIZATIONNAME = "河南青云信息技术有限公司 &蒋洋";
				TargetAttributes = {
					CC7C7DA81BF0206D00BDCF1F = {
						CreatedOnToolsVersion = 6.4;
					};
					CC7C7DC11BF0206D00BDCF1F = {
						CreatedOnToolsVersion = 6.4;
						TestTargetID = CC7C7DA81BF0206D00BDCF1F;
					};
				};
			};
			buildConfigurationList = CC7C7DA41BF0206D00BDCF1F /* Build configuration list for PBXProject "loveChild" */;
			compatibilityVersion = "Xcode 3.2";
			developmentRegion = English;
			hasScannedForEncodings = 0;
			knownRegions = (
				en,
				Base,
			);
			mainGroup = CC7C7DA01BF0206D00BDCF1F;
			productRefGroup = CC7C7DAA1BF0206D00BDCF1F /* Products */;
			projectDirPath = "";
			projectRoot = "";
			targets = (
				CC7C7DA81BF0206D00BDCF1F /* loveChild */,
				CC7C7DC11BF0206D00BDCF1F /* loveChildTests */,
			);
		};
/* End PBXProject section */

/* Begin PBXResourcesBuildPhase section */
		CC7C7DA71BF0206D00BDCF1F /* Resources */ = {
			isa = PBXResourcesBuildPhase;
			buildActionMask = 2147483647;
			files = (
				CCB979261BF302E1007B9215 /* TencentOpenApi_IOS_Bundle.bundle in Resources */,
				CC7C7DB81BF0206D00BDCF1F /* Main.storyboard in Resources */,
				CC7C7DBD1BF0206D00BDCF1F /* LaunchScreen.xib in Resources */,
				CC7C7DBA1BF0206D00BDCF1F /* Images.xcassets in Resources */,
				CCB9792B1BF302E1007B9215 /* ShareSDK.bundle in Resources */,
				CCB979281BF302E1007B9215 /* WeiboSDK.bundle in Resources */,
				CCB7D14E1BF2248200885B9E /* MJRefresh.bundle in Resources */,
				CCB9792F1BF302E1007B9215 /* ShareSDKUI.bundle in Resources */,
				CCB7D1111BF21B9800885B9E /* SVProgressHUD.bundle in Resources */,
			);
			runOnlyForDeploymentPostprocessing = 0;
		};
		CC7C7DC01BF0206D00BDCF1F /* Resources */ = {
			isa = PBXResourcesBuildPhase;
			buildActionMask = 2147483647;
			files = (
			);
			runOnlyForDeploymentPostprocessing = 0;
		};
/* End PBXResourcesBuildPhase section */

/* Begin PBXSourcesBuildPhase section */
		CC7C7DA51BF0206D00BDCF1F /* Sources */ = {
			isa = PBXSourcesBuildPhase;
			buildActionMask = 2147483647;
			files = (
				CCB7D0E71BF1E57E00885B9E /* IATConfig.m in Sources */,
				CCB7D1451BF2248200885B9E /* MJRefreshAutoGifFooter.m in Sources */,
				CCB7D1081BF2071C00885B9E /* SaveTableViewController.m in Sources */,
				CC280DBD1BF0413F00F44243 /* SDWebImageDownloader.m in Sources */,
				CC280D8E1BF02DFF00F44243 /* AFURLConnectionOperation.m in Sources */,
				CC280D6C1BF024CA00F44243 /* ResultTableViewController.m in Sources */,
				CCB7D1561BF22ADF00885B9E /* SetTableViewController.m in Sources */,
				CC280DC01BF0413F00F44243 /* SDWebImagePrefetcher.m in Sources */,
				CC280DC71BF0413F00F44243 /* UIView+WebCacheOperation.m in Sources */,
				CCB7D14C1BF2248200885B9E /* MJRefreshNormalHeader.m in Sources */,
				CC280D701BF0253200F44243 /* MainViewController.m in Sources */,
				CCB7D1421BF2248200885B9E /* MJRefreshComponent.m in Sources */,
				CC7C7DB21BF0206D00BDCF1F /* AppDelegate.m in Sources */,
				CCB7D1411BF2248200885B9E /* MJRefreshBackFooter.m in Sources */,
				CCB7D0E11BF1C35500885B9E /* HotSearch.m in Sources */,
				CCB7D1481BF2248200885B9E /* MJRefreshBackGifFooter.m in Sources */,
				CC280DC31BF0413F00F44243 /* UIImage+MultiFormat.m in Sources */,
				CC280DC41BF0413F00F44243 /* UIImage+WebP.m in Sources */,
				CCB7D0D61BF1994900885B9E /* DetailTableViewCell.m in Sources */,
				CC280D901BF02DFF00F44243 /* AFURLResponseSerialization.m in Sources */,
				CC280D681BF024AB00F44243 /* GuideViewController.m in Sources */,
				CCB7D0DA1BF19F7800885B9E /* NSString+height.m in Sources */,
				CCB7D14A1BF2248200885B9E /* MJRefreshBackStateFooter.m in Sources */,
				CC280DC61BF0413F00F44243 /* UIImageView+WebCache.m in Sources */,
				CCB7D0D31BF1991B00885B9E /* DetailTableViewController.m in Sources */,
				CCB7D1401BF2248200885B9E /* MJRefreshAutoFooter.m in Sources */,
				CC280D8F1BF02DFF00F44243 /* AFURLRequestSerialization.m in Sources */,
				CC280D8D1BF02DFF00F44243 /* AFSecurityPolicy.m in Sources */,
				CCB7D1491BF2248200885B9E /* MJRefreshBackNormalFooter.m in Sources */,
				CCB7D0E41BF1C8FD00885B9E /* HotCollectionViewCell.m in Sources */,
				CC280D891BF02DFF00F44243 /* AFHTTPRequestOperation.m in Sources */,
				CC280D911BF02DFF00F44243 /* AFURLSessionManager.m in Sources */,
				CCB7D1521BF2248200885B9E /* UIView+MJExtension.m in Sources */,
				CCB7D14B1BF2248200885B9E /* MJRefreshGifHeader.m in Sources */,
				CC7C7DAF1BF0206D00BDCF1F /* main.m in Sources */,
				CC280D951BF0367900F44243 /* Message.m in Sources */,
				CCB7D1511BF2248200885B9E /* UIScrollView+MJRefresh.m in Sources */,
				CC280DCE1BF0519C00F44243 /* Account.m in Sources */,
				CC280D731BF02CB600F44243 /* ResultTableViewCell.m in Sources */,
				CC280DB91BF0413F00F44243 /* NSData+ImageContentType.m in Sources */,
				CC280D8B1BF02DFF00F44243 /* AFHTTPSessionManager.m in Sources */,
				CCB7D1471BF2248200885B9E /* MJRefreshAutoStateFooter.m in Sources */,
				CC280D631BF0248800F44243 /* HomeViewController.m in Sources */,
				CCB7D0DE1BF1B93A00885B9E /* HotSearchViewController.m in Sources */,
				CCB7D1101BF21B9800885B9E /* SVIndefiniteAnimatedView.m in Sources */,
				CCB7D1121BF21B9800885B9E /* SVProgressHUD.m in Sources */,
				CC280DBF1BF0413F00F44243 /* SDWebImageManager.m in Sources */,
				CCB7D14F1BF2248200885B9E /* MJRefreshConst.m in Sources */,
				CC280DBC1BF0413F00F44243 /* SDWebImageDecoder.m in Sources */,
				CC280DCB1BF04AE000F44243 /* LoginViewController.m in Sources */,
				CC280DBE1BF0413F00F44243 /* SDWebImageDownloaderOperation.m in Sources */,
				CC280D8C1BF02DFF00F44243 /* AFNetworkReachabilityManager.m in Sources */,
				CC280D8A1BF02DFF00F44243 /* AFHTTPRequestOperationManager.m in Sources */,
				CCB7D1501BF2248200885B9E /* UIScrollView+MJExtension.m in Sources */,
				CC280DB81BF0413F00F44243 /* MKAnnotationView+WebCache.m in Sources */,
				CC280DBB1BF0413F00F44243 /* SDWebImageCompat.m in Sources */,
				CCB7D1461BF2248200885B9E /* MJRefreshAutoNormalFooter.m in Sources */,
				CC280DC11BF0413F00F44243 /* UIButton+WebCache.m in Sources */,
				CCB7D1441BF2248200885B9E /* MJRefreshHeader.m in Sources */,
				CCB7D14D1BF2248200885B9E /* MJRefreshStateHeader.m in Sources */,
				CC280DC51BF0413F00F44243 /* UIImageView+HighlightedWebCache.m in Sources */,
				CC280DC21BF0413F00F44243 /* UIImage+GIF.m in Sources */,
				CC280DBA1BF0413F00F44243 /* SDImageCache.m in Sources */,
				CCB7D1431BF2248200885B9E /* MJRefreshFooter.m in Sources */,
			);
			runOnlyForDeploymentPostprocessing = 0;
		};
		CC7C7DBE1BF0206D00BDCF1F /* Sources */ = {
			isa = PBXSourcesBuildPhase;
			buildActionMask = 2147483647;
			files = (
				CC7C7DC91BF0206D00BDCF1F /* loveChildTests.m in Sources */,
			);
			runOnlyForDeploymentPostprocessing = 0;
		};
/* End PBXSourcesBuildPhase section */

/* Begin PBXTargetDependency section */
		CC7C7DC41BF0206D00BDCF1F /* PBXTargetDependency */ = {
			isa = PBXTargetDependency;
			target = CC7C7DA81BF0206D00BDCF1F /* loveChild */;
			targetProxy = CC7C7DC31BF0206D00BDCF1F /* PBXContainerItemProxy */;
		};
/* End PBXTargetDependency section */

/* Begin PBXVariantGroup section */
		CC7C7DB61BF0206D00BDCF1F /* Main.storyboard */ = {
			isa = PBXVariantGroup;
			children = (
				CC7C7DB71BF0206D00BDCF1F /* Base */,
			);
			name = Main.storyboard;
			sourceTree = "<group>";
		};
		CC7C7DBB1BF0206D00BDCF1F /* LaunchScreen.xib */ = {
			isa = PBXVariantGroup;
			children = (
				CC7C7DBC1BF0206D00BDCF1F /* Base */,
			);
			name = LaunchScreen.xib;
			sourceTree = "<group>";
		};
/* End PBXVariantGroup section */

/* Begin XCBuildConfiguration section */
		CC7C7DCA1BF0206D00BDCF1F /* Debug */ = {
			isa = XCBuildConfiguration;
			buildSettings = {
				ALWAYS_SEARCH_USER_PATHS = NO;
				CLANG_CXX_LANGUAGE_STANDARD = "gnu++0x";
				CLANG_CXX_LIBRARY = "libc++";
				CLANG_ENABLE_MODULES = YES;
				CLANG_ENABLE_OBJC_ARC = YES;
				CLANG_WARN_BOOL_CONVERSION = YES;
				CLANG_WARN_CONSTANT_CONVERSION = YES;
				CLANG_WARN_DIRECT_OBJC_ISA_USAGE = YES_ERROR;
				CLANG_WARN_EMPTY_BODY = YES;
				CLANG_WARN_ENUM_CONVERSION = YES;
				CLANG_WARN_INT_CONVERSION = YES;
				CLANG_WARN_OBJC_ROOT_CLASS = YES_ERROR;
				CLANG_WARN_UNREACHABLE_CODE = YES;
				CLANG_WARN__DUPLICATE_METHOD_MATCH = YES;
				"CODE_SIGN_IDENTITY[sdk=iphoneos*]" = "iPhone Developer";
				COPY_PHASE_STRIP = NO;
				DEBUG_INFORMATION_FORMAT = "dwarf-with-dsym";
				ENABLE_STRICT_OBJC_MSGSEND = YES;
				GCC_C_LANGUAGE_STANDARD = gnu99;
				GCC_DYNAMIC_NO_PIC = NO;
				GCC_NO_COMMON_BLOCKS = YES;
				GCC_OPTIMIZATION_LEVEL = 0;
				GCC_PREPROCESSOR_DEFINITIONS = (
					"DEBUG=1",
					"$(inherited)",
				);
				GCC_SYMBOLS_PRIVATE_EXTERN = NO;
				GCC_WARN_64_TO_32_BIT_CONVERSION = YES;
				GCC_WARN_ABOUT_RETURN_TYPE = YES_ERROR;
				GCC_WARN_UNDECLARED_SELECTOR = YES;
				GCC_WARN_UNINITIALIZED_AUTOS = YES_AGGRESSIVE;
				GCC_WARN_UNUSED_FUNCTION = YES;
				GCC_WARN_UNUSED_VARIABLE = YES;
				IPHONEOS_DEPLOYMENT_TARGET = 8.4;
				MTL_ENABLE_DEBUG_INFO = YES;
				ONLY_ACTIVE_ARCH = YES;
				SDKROOT = iphoneos;
			};
			name = Debug;
		};
		CC7C7DCB1BF0206D00BDCF1F /* Release */ = {
			isa = XCBuildConfiguration;
			buildSettings = {
				ALWAYS_SEARCH_USER_PATHS = NO;
				CLANG_CXX_LANGUAGE_STANDARD = "gnu++0x";
				CLANG_CXX_LIBRARY = "libc++";
				CLANG_ENABLE_MODULES = YES;
				CLANG_ENABLE_OBJC_ARC = YES;
				CLANG_WARN_BOOL_CONVERSION = YES;
				CLANG_WARN_CONSTANT_CONVERSION = YES;
				CLANG_WARN_DIRECT_OBJC_ISA_USAGE = YES_ERROR;
				CLANG_WARN_EMPTY_BODY = YES;
				CLANG_WARN_ENUM_CONVERSION = YES;
				CLANG_WARN_INT_CONVERSION = YES;
				CLANG_WARN_OBJC_ROOT_CLASS = YES_ERROR;
				CLANG_WARN_UNREACHABLE_CODE = YES;
				CLANG_WARN__DUPLICATE_METHOD_MATCH = YES;
				"CODE_SIGN_IDENTITY[sdk=iphoneos*]" = "iPhone Developer";
				COPY_PHASE_STRIP = NO;
				DEBUG_INFORMATION_FORMAT = "dwarf-with-dsym";
				ENABLE_NS_ASSERTIONS = NO;
				ENABLE_STRICT_OBJC_MSGSEND = YES;
				GCC_C_LANGUAGE_STANDARD = gnu99;
				GCC_NO_COMMON_BLOCKS = YES;
				GCC_WARN_64_TO_32_BIT_CONVERSION = YES;
				GCC_WARN_ABOUT_RETURN_TYPE = YES_ERROR;
				GCC_WARN_UNDECLARED_SELECTOR = YES;
				GCC_WARN_UNINITIALIZED_AUTOS = YES_AGGRESSIVE;
				GCC_WARN_UNUSED_FUNCTION = YES;
				GCC_WARN_UNUSED_VARIABLE = YES;
				IPHONEOS_DEPLOYMENT_TARGET = 8.4;
				MTL_ENABLE_DEBUG_INFO = NO;
				SDKROOT = iphoneos;
				VALIDATE_PRODUCT = YES;
			};
			name = Release;
		};
		CC7C7DCD1BF0206D00BDCF1F /* Debug */ = {
			isa = XCBuildConfiguration;
			buildSettings = {
				ASSETCATALOG_COMPILER_APPICON_NAME = AppIcon;
				ASSETCATALOG_COMPILER_LAUNCHIMAGE_NAME = LaunchImage;
				FRAMEWORK_SEARCH_PATHS = (
					"$(inherited)",
					"$(PROJECT_DIR)/loveChild/lib",
					"$(PROJECT_DIR)/loveChild/extends/QQSDK",
					"$(PROJECT_DIR)/loveChild",
				);
				INFOPLIST_FILE = loveChild/Info.plist;
				LD_RUNPATH_SEARCH_PATHS = "$(inherited) @executable_path/Frameworks";
				LIBRARY_SEARCH_PATHS = (
					"$(inherited)",
					"$(PROJECT_DIR)/loveChild/lib/sunflower",
					"$(PROJECT_DIR)/loveChild/extends/SinaWeiboSDK",
					"$(PROJECT_DIR)/loveChild/extends/WeChatSDK",
				);
				OTHER_LDFLAGS = "-ObjC";
				PRODUCT_NAME = "$(TARGET_NAME)";
			};
			name = Debug;
		};
		CC7C7DCE1BF0206D00BDCF1F /* Release */ = {
			isa = XCBuildConfiguration;
			buildSettings = {
				ASSETCATALOG_COMPILER_APPICON_NAME = AppIcon;
				ASSETCATALOG_COMPILER_LAUNCHIMAGE_NAME = LaunchImage;
				FRAMEWORK_SEARCH_PATHS = (
					"$(inherited)",
					"$(PROJECT_DIR)/loveChild/lib",
					"$(PROJECT_DIR)/loveChild/extends/QQSDK",
					"$(PROJECT_DIR)/loveChild",
				);
				INFOPLIST_FILE = loveChild/Info.plist;
				LD_RUNPATH_SEARCH_PATHS = "$(inherited) @executable_path/Frameworks";
				LIBRARY_SEARCH_PATHS = (
					"$(inherited)",
					"$(PROJECT_DIR)/loveChild/lib/sunflower",
					"$(PROJECT_DIR)/loveChild/extends/SinaWeiboSDK",
					"$(PROJECT_DIR)/loveChild/extends/WeChatSDK",
				);
				OTHER_LDFLAGS = "-ObjC";
				PRODUCT_NAME = "$(TARGET_NAME)";
			};
			name = Release;
		};
		CC7C7DD01BF0206D00BDCF1F /* Debug */ = {
			isa = XCBuildConfiguration;
			buildSettings = {
				BUNDLE_LOADER = "$(TEST_HOST)";
				FRAMEWORK_SEARCH_PATHS = (
					"$(SDKROOT)/Developer/Library/Frameworks",
					"$(inherited)",
				);
				GCC_PREPROCESSOR_DEFINITIONS = (
					"DEBUG=1",
					"$(inherited)",
				);
				INFOPLIST_FILE = loveChildTests/Info.plist;
				LD_RUNPATH_SEARCH_PATHS = "$(inherited) @executable_path/Frameworks @loader_path/Frameworks";
				PRODUCT_NAME = "$(TARGET_NAME)";
				TEST_HOST = "$(BUILT_PRODUCTS_DIR)/loveChild.app/loveChild";
			};
			name = Debug;
		};
		CC7C7DD11BF0206D00BDCF1F /* Release */ = {
			isa = XCBuildConfiguration;
			buildSettings = {
				BUNDLE_LOADER = "$(TEST_HOST)";
				FRAMEWORK_SEARCH_PATHS = (
					"$(SDKROOT)/Developer/Library/Frameworks",
					"$(inherited)",
				);
				INFOPLIST_FILE = loveChildTests/Info.plist;
				LD_RUNPATH_SEARCH_PATHS = "$(inherited) @executable_path/Frameworks @loader_path/Frameworks";
				PRODUCT_NAME = "$(TARGET_NAME)";
				TEST_HOST = "$(BUILT_PRODUCTS_DIR)/loveChild.app/loveChild";
			};
			name = Release;
		};
/* End XCBuildConfiguration section */

/* Begin XCConfigurationList section */
		CC7C7DA41BF0206D00BDCF1F /* Build configuration list for PBXProject "loveChild" */ = {
			isa = XCConfigurationList;
			buildConfigurations = (
				CC7C7DCA1BF0206D00BDCF1F /* Debug */,
				CC7C7DCB1BF0206D00BDCF1F /* Release */,
			);
			defaultConfigurationIsVisible = 0;
			defaultConfigurationName = Release;
		};
		CC7C7DCC1BF0206D00BDCF1F /* Build configuration list for PBXNativeTarget "loveChild" */ = {
			isa = XCConfigurationList;
			buildConfigurations = (
				CC7C7DCD1BF0206D00BDCF1F /* Debug */,
				CC7C7DCE1BF0206D00BDCF1F /* Release */,
			);
			defaultConfigurationIsVisible = 0;
			defaultConfigurationName = Release;
		};
		CC7C7DCF1BF0206D00BDCF1F /* Build configuration list for PBXNativeTarget "loveChildTests" */ = {
			isa = XCConfigurationList;
			buildConfigurations = (
				CC7C7DD01BF0206D00BDCF1F /* Debug */,
				CC7C7DD11BF0206D00BDCF1F /* Release */,
			);
			defaultConfigurationIsVisible = 0;
			defaultConfigurationName = Release;
		};
/* End XCConfigurationList section */
	};
	rootObject = CC7C7DA11BF0206D00BDCF1F /* Project object */;
}
