// !$*UTF8*$!
{
	archiveVersion = 1;
	classes = {
	};
	objectVersion = 46;
	objects = {

/* Begin PBXBuildFile section */
		CC84F5931BEF3DBF008151F5 /* HomeViewController.m in Sources */ = {isa = PBXBuildFile; fileRef = CC84F5921BEF3DBF008151F5 /* HomeViewController.m */; };
		CC84F5981BEF3E75008151F5 /* GuideViewController.m in Sources */ = {isa = PBXBuildFile; fileRef = CC84F5971BEF3E75008151F5 /* GuideViewController.m */; };
		CC84F59D1BEF489B008151F5 /* MainViewController.m in Sources */ = {isa = PBXBuildFile; fileRef = CC84F59C1BEF489B008151F5 /* MainViewController.m */; };
		CC84F5A11BEF51D9008151F5 /* SearchResultTableViewController.m in Sources */ = {isa = PBXBuildFile; fileRef = CC84F5A01BEF51D9008151F5 /* SearchResultTableViewController.m */; };
		CC84F5A41BEF52BA008151F5 /* SearchResultTableViewCell.m in Sources */ = {isa = PBXBuildFile; fileRef = CC84F5A31BEF52BA008151F5 /* SearchResultTableViewCell.m */; };
		CC84F5BA1BEF5613008151F5 /* AFHTTPRequestOperation.m in Sources */ = {isa = PBXBuildFile; fileRef = CC84F5A81BEF5613008151F5 /* AFHTTPRequestOperation.m */; };
		CC84F5BB1BEF5613008151F5 /* AFHTTPRequestOperationManager.m in Sources */ = {isa = PBXBuildFile; fileRef = CC84F5AA1BEF5613008151F5 /* AFHTTPRequestOperationManager.m */; };
		CC84F5BC1BEF5613008151F5 /* AFHTTPSessionManager.m in Sources */ = {isa = PBXBuildFile; fileRef = CC84F5AC1BEF5613008151F5 /* AFHTTPSessionManager.m */; };
		CC84F5BD1BEF5613008151F5 /* AFNetworkReachabilityManager.m in Sources */ = {isa = PBXBuildFile; fileRef = CC84F5AF1BEF5613008151F5 /* AFNetworkReachabilityManager.m */; };
		CC84F5BE1BEF5613008151F5 /* AFSecurityPolicy.m in Sources */ = {isa = PBXBuildFile; fileRef = CC84F5B11BEF5613008151F5 /* AFSecurityPolicy.m */; };
		CC84F5BF1BEF5613008151F5 /* AFURLConnectionOperation.m in Sources */ = {isa = PBXBuildFile; fileRef = CC84F5B31BEF5613008151F5 /* AFURLConnectionOperation.m */; };
		CC84F5C01BEF5613008151F5 /* AFURLRequestSerialization.m in Sources */ = {isa = PBXBuildFile; fileRef = CC84F5B51BEF5613008151F5 /* AFURLRequestSerialization.m */; };
		CC84F5C11BEF5613008151F5 /* AFURLResponseSerialization.m in Sources */ = {isa = PBXBuildFile; fileRef = CC84F5B71BEF5613008151F5 /* AFURLResponseSerialization.m */; };
		CC84F5C21BEF5613008151F5 /* AFURLSessionManager.m in Sources */ = {isa = PBXBuildFile; fileRef = CC84F5B91BEF5613008151F5 /* AFURLSessionManager.m */; };
		CC84F5C51BEF57C9008151F5 /* Account.m in Sources */ = {isa = PBXBuildFile; fileRef = CC84F5C41BEF57C9008151F5 /* Account.m */; };
		CCF478BB1BEF3B2600365BB2 /* main.m in Sources */ = {isa = PBXBuildFile; fileRef = CCF478BA1BEF3B2600365BB2 /* main.m */; };
		CCF478BE1BEF3B2600365BB2 /* AppDelegate.m in Sources */ = {isa = PBXBuildFile; fileRef = CCF478BD1BEF3B2600365BB2 /* AppDelegate.m */; };
		CCF478C11BEF3B2600365BB2 /* ViewController.m in Sources */ = {isa = PBXBuildFile; fileRef = CCF478C01BEF3B2600365BB2 /* ViewController.m */; };
		CCF478C41BEF3B2600365BB2 /* Main.storyboard in Resources */ = {isa = PBXBuildFile; fileRef = CCF478C21BEF3B2600365BB2 /* Main.storyboard */; };
		CCF478C61BEF3B2600365BB2 /* Images.xcassets in Resources */ = {isa = PBXBuildFile; fileRef = CCF478C51BEF3B2600365BB2 /* Images.xcassets */; };
		CCF478C91BEF3B2600365BB2 /* LaunchScreen.xib in Resources */ = {isa = PBXBuildFile; fileRef = CCF478C71BEF3B2600365BB2 /* LaunchScreen.xib */; };
		CCF478D51BEF3B2600365BB2 /* _____Tests.m in Sources */ = {isa = PBXBuildFile; fileRef = CCF478D41BEF3B2600365BB2 /* _____Tests.m */; };
/* End PBXBuildFile section */

/* Begin PBXContainerItemProxy section */
		CCF478CF1BEF3B2600365BB2 /* PBXContainerItemProxy */ = {
			isa = PBXContainerItemProxy;
			containerPortal = CCF478AD1BEF3B2600365BB2 /* Project object */;
			proxyType = 1;
			remoteGlobalIDString = CCF478B41BEF3B2600365BB2;
			remoteInfo = "童星育儿搜";
		};
/* End PBXContainerItemProxy section */

/* Begin PBXFileReference section */
		CC84F5911BEF3DBF008151F5 /* HomeViewController.h */ = {isa = PBXFileReference; fileEncoding = 4; lastKnownFileType = sourcecode.c.h; path = HomeViewController.h; sourceTree = "<group>"; };
		CC84F5921BEF3DBF008151F5 /* HomeViewController.m */ = {isa = PBXFileReference; fileEncoding = 4; lastKnownFileType = sourcecode.c.objc; path = HomeViewController.m; sourceTree = "<group>"; };
		CC84F5961BEF3E75008151F5 /* GuideViewController.h */ = {isa = PBXFileReference; fileEncoding = 4; lastKnownFileType = sourcecode.c.h; path = GuideViewController.h; sourceTree = "<group>"; };
		CC84F5971BEF3E75008151F5 /* GuideViewController.m */ = {isa = PBXFileReference; fileEncoding = 4; lastKnownFileType = sourcecode.c.objc; path = GuideViewController.m; sourceTree = "<group>"; };
		CC84F5991BEF44E4008151F5 /* Common.h */ = {isa = PBXFileReference; lastKnownFileType = sourcecode.c.h; path = Common.h; sourceTree = "<group>"; };
		CC84F59B1BEF489B008151F5 /* MainViewController.h */ = {isa = PBXFileReference; fileEncoding = 4; lastKnownFileType = sourcecode.c.h; path = MainViewController.h; sourceTree = "<group>"; };
		CC84F59C1BEF489B008151F5 /* MainViewController.m */ = {isa = PBXFileReference; fileEncoding = 4; lastKnownFileType = sourcecode.c.objc; path = MainViewController.m; sourceTree = "<group>"; };
		CC84F59F1BEF51D9008151F5 /* SearchResultTableViewController.h */ = {isa = PBXFileReference; fileEncoding = 4; lastKnownFileType = sourcecode.c.h; path = SearchResultTableViewController.h; sourceTree = "<group>"; };
		CC84F5A01BEF51D9008151F5 /* SearchResultTableViewController.m */ = {isa = PBXFileReference; fileEncoding = 4; lastKnownFileType = sourcecode.c.objc; path = SearchResultTableViewController.m; sourceTree = "<group>"; };
		CC84F5A21BEF52BA008151F5 /* SearchResultTableViewCell.h */ = {isa = PBXFileReference; fileEncoding = 4; lastKnownFileType = sourcecode.c.h; path = SearchResultTableViewCell.h; sourceTree = "<group>"; };
		CC84F5A31BEF52BA008151F5 /* SearchResultTableViewCell.m */ = {isa = PBXFileReference; fileEncoding = 4; lastKnownFileType = sourcecode.c.objc; path = SearchResultTableViewCell.m; sourceTree = "<group>"; };
		CC84F5A71BEF5613008151F5 /* AFHTTPRequestOperation.h */ = {isa = PBXFileReference; fileEncoding = 4; lastKnownFileType = sourcecode.c.h; path = AFHTTPRequestOperation.h; sourceTree = "<group>"; };
		CC84F5A81BEF5613008151F5 /* AFHTTPRequestOperation.m */ = {isa = PBXFileReference; fileEncoding = 4; lastKnownFileType = sourcecode.c.objc; path = AFHTTPRequestOperation.m; sourceTree = "<group>"; };
		CC84F5A91BEF5613008151F5 /* AFHTTPRequestOperationManager.h */ = {isa = PBXFileReference; fileEncoding = 4; lastKnownFileType = sourcecode.c.h; path = AFHTTPRequestOperationManager.h; sourceTree = "<group>"; };
		CC84F5AA1BEF5613008151F5 /* AFHTTPRequestOperationManager.m */ = {isa = PBXFileReference; fileEncoding = 4; lastKnownFileType = sourcecode.c.objc; path = AFHTTPRequestOperationManager.m; sourceTree = "<group>"; };
		CC84F5AB1BEF5613008151F5 /* AFHTTPSessionManager.h */ = {isa = PBXFileReference; fileEncoding = 4; lastKnownFileType = sourcecode.c.h; path = AFHTTPSessionManager.h; sourceTree = "<group>"; };
		CC84F5AC1BEF5613008151F5 /* AFHTTPSessionManager.m */ = {isa = PBXFileReference; fileEncoding = 4; lastKnownFileType = sourcecode.c.objc; path = AFHTTPSessionManager.m; sourceTree = "<group>"; };
		CC84F5AD1BEF5613008151F5 /* AFNetworking.h */ = {isa = PBXFileReference; fileEncoding = 4; lastKnownFileType = sourcecode.c.h; path = AFNetworking.h; sourceTree = "<group>"; };
		CC84F5AE1BEF5613008151F5 /* AFNetworkReachabilityManager.h */ = {isa = PBXFileReference; fileEncoding = 4; lastKnownFileType = sourcecode.c.h; path = AFNetworkReachabilityManager.h; sourceTree = "<group>"; };
		CC84F5AF1BEF5613008151F5 /* AFNetworkReachabilityManager.m */ = {isa = PBXFileReference; fileEncoding = 4; lastKnownFileType = sourcecode.c.objc; path = AFNetworkReachabilityManager.m; sourceTree = "<group>"; };
		CC84F5B01BEF5613008151F5 /* AFSecurityPolicy.h */ = {isa = PBXFileReference; fileEncoding = 4; lastKnownFileType = sourcecode.c.h; path = AFSecurityPolicy.h; sourceTree = "<group>"; };
		CC84F5B11BEF5613008151F5 /* AFSecurityPolicy.m */ = {isa = PBXFileReference; fileEncoding = 4; lastKnownFileType = sourcecode.c.objc; path = AFSecurityPolicy.m; sourceTree = "<group>"; };
		CC84F5B21BEF5613008151F5 /* AFURLConnectionOperation.h */ = {isa = PBXFileReference; fileEncoding = 4; lastKnownFileType = sourcecode.c.h; path = AFURLConnectionOperation.h; sourceTree = "<group>"; };
		CC84F5B31BEF5613008151F5 /* AFURLConnectionOperation.m */ = {isa = PBXFileReference; fileEncoding = 4; lastKnownFileType = sourcecode.c.objc; path = AFURLConnectionOperation.m; sourceTree = "<group>"; };
		CC84F5B41BEF5613008151F5 /* AFURLRequestSerialization.h */ = {isa = PBXFileReference; fileEncoding = 4; lastKnownFileType = sourcecode.c.h; path = AFURLRequestSerialization.h; sourceTree = "<group>"; };
		CC84F5B51BEF5613008151F5 /* AFURLRequestSerialization.m */ = {isa = PBXFileReference; fileEncoding = 4; lastKnownFileType = sourcecode.c.objc; path = AFURLRequestSerialization.m; sourceTree = "<group>"; };
		CC84F5B61BEF5613008151F5 /* AFURLResponseSerialization.h */ = {isa = PBXFileReference; fileEncoding = 4; lastKnownFileType = sourcecode.c.h; path = AFURLResponseSerialization.h; sourceTree = "<group>"; };
		CC84F5B71BEF5613008151F5 /* AFURLResponseSerialization.m */ = {isa = PBXFileReference; fileEncoding = 4; lastKnownFileType = sourcecode.c.objc; path = AFURLResponseSerialization.m; sourceTree = "<group>"; };
		CC84F5B81BEF5613008151F5 /* AFURLSessionManager.h */ = {isa = PBXFileReference; fileEncoding = 4; lastKnownFileType = sourcecode.c.h; path = AFURLSessionManager.h; sourceTree = "<group>"; };
		CC84F5B91BEF5613008151F5 /* AFURLSessionManager.m */ = {isa = PBXFileReference; fileEncoding = 4; lastKnownFileType = sourcecode.c.objc; path = AFURLSessionManager.m; sourceTree = "<group>"; };
		CC84F5C31BEF57C9008151F5 /* Account.h */ = {isa = PBXFileReference; fileEncoding = 4; lastKnownFileType = sourcecode.c.h; path = Account.h; sourceTree = "<group>"; };
		CC84F5C41BEF57C9008151F5 /* Account.m */ = {isa = PBXFileReference; fileEncoding = 4; lastKnownFileType = sourcecode.c.objc; path = Account.m; sourceTree = "<group>"; };
		CCF478B51BEF3B2600365BB2 /* 童星育儿搜.app */ = {isa = PBXFileReference; explicitFileType = wrapper.application; includeInIndex = 0; path = "童星育儿搜.app"; sourceTree = BUILT_PRODUCTS_DIR; };
		CCF478B91BEF3B2600365BB2 /* Info.plist */ = {isa = PBXFileReference; lastKnownFileType = text.plist.xml; path = Info.plist; sourceTree = "<group>"; };
		CCF478BA1BEF3B2600365BB2 /* main.m */ = {isa = PBXFileReference; lastKnownFileType = sourcecode.c.objc; path = main.m; sourceTree = "<group>"; };
		CCF478BC1BEF3B2600365BB2 /* AppDelegate.h */ = {isa = PBXFileReference; lastKnownFileType = sourcecode.c.h; path = AppDelegate.h; sourceTree = "<group>"; };
		CCF478BD1BEF3B2600365BB2 /* AppDelegate.m */ = {isa = PBXFileReference; lastKnownFileType = sourcecode.c.objc; path = AppDelegate.m; sourceTree = "<group>"; };
		CCF478BF1BEF3B2600365BB2 /* ViewController.h */ = {isa = PBXFileReference; lastKnownFileType = sourcecode.c.h; path = ViewController.h; sourceTree = "<group>"; };
		CCF478C01BEF3B2600365BB2 /* ViewController.m */ = {isa = PBXFileReference; lastKnownFileType = sourcecode.c.objc; path = ViewController.m; sourceTree = "<group>"; };
		CCF478C31BEF3B2600365BB2 /* Base */ = {isa = PBXFileReference; lastKnownFileType = file.storyboard; name = Base; path = Base.lproj/Main.storyboard; sourceTree = "<group>"; };
		CCF478C51BEF3B2600365BB2 /* Images.xcassets */ = {isa = PBXFileReference; lastKnownFileType = folder.assetcatalog; path = Images.xcassets; sourceTree = "<group>"; };
		CCF478C81BEF3B2600365BB2 /* Base */ = {isa = PBXFileReference; lastKnownFileType = file.xib; name = Base; path = Base.lproj/LaunchScreen.xib; sourceTree = "<group>"; };
		CCF478CE1BEF3B2600365BB2 /* 童星育儿搜Tests.xctest */ = {isa = PBXFileReference; explicitFileType = wrapper.cfbundle; includeInIndex = 0; path = "童星育儿搜Tests.xctest"; sourceTree = BUILT_PRODUCTS_DIR; };
		CCF478D31BEF3B2600365BB2 /* Info.plist */ = {isa = PBXFileReference; lastKnownFileType = text.plist.xml; path = Info.plist; sourceTree = "<group>"; };
		CCF478D41BEF3B2600365BB2 /* _____Tests.m */ = {isa = PBXFileReference; lastKnownFileType = sourcecode.c.objc; path = "_____Tests.m"; sourceTree = "<group>"; };
/* End PBXFileReference section */

/* Begin PBXFrameworksBuildPhase section */
		CCF478B21BEF3B2600365BB2 /* Frameworks */ = {
			isa = PBXFrameworksBuildPhase;
			buildActionMask = 2147483647;
			files = (
			);
			runOnlyForDeploymentPostprocessing = 0;
		};
		CCF478CB1BEF3B2600365BB2 /* Frameworks */ = {
			isa = PBXFrameworksBuildPhase;
			buildActionMask = 2147483647;
			files = (
			);
			runOnlyForDeploymentPostprocessing = 0;
		};
/* End PBXFrameworksBuildPhase section */

/* Begin PBXGroup section */
		CC84F58D1BEF3D74008151F5 /* Controllers */ = {
			isa = PBXGroup;
			children = (
				CC84F59A1BEF486C008151F5 /* Main */,
				CC84F5951BEF3E5F008151F5 /* Guide */,
				CC84F5901BEF3D9A008151F5 /* hotSearch */,
				CC84F59E1BEF51B5008151F5 /* searchResult */,
				CC84F5941BEF3DC5008151F5 /* home */,
			);
			name = Controllers;
			sourceTree = "<group>";
		};
		CC84F58E1BEF3D7D008151F5 /* Views */ = {
			isa = PBXGroup;
			children = (
				CCF478C21BEF3B2600365BB2 /* Main.storyboard */,
				CC84F5A21BEF52BA008151F5 /* SearchResultTableViewCell.h */,
				CC84F5A31BEF52BA008151F5 /* SearchResultTableViewCell.m */,
			);
			name = Views;
			sourceTree = "<group>";
		};
		CC84F58F1BEF3D87008151F5 /* Models */ = {
			isa = PBXGroup;
			children = (
				CC84F5C31BEF57C9008151F5 /* Account.h */,
				CC84F5C41BEF57C9008151F5 /* Account.m */,
			);
			name = Models;
			sourceTree = "<group>";
		};
		CC84F5901BEF3D9A008151F5 /* hotSearch */ = {
			isa = PBXGroup;
			children = (
				CC84F5911BEF3DBF008151F5 /* HomeViewController.h */,
				CC84F5921BEF3DBF008151F5 /* HomeViewController.m */,
			);
			name = hotSearch;
			sourceTree = "<group>";
		};
		CC84F5941BEF3DC5008151F5 /* home */ = {
			isa = PBXGroup;
			children = (
				CCF478BF1BEF3B2600365BB2 /* ViewController.h */,
				CCF478C01BEF3B2600365BB2 /* ViewController.m */,
			);
			name = home;
			sourceTree = "<group>";
		};
		CC84F5951BEF3E5F008151F5 /* Guide */ = {
			isa = PBXGroup;
			children = (
				CC84F5961BEF3E75008151F5 /* GuideViewController.h */,
				CC84F5971BEF3E75008151F5 /* GuideViewController.m */,
			);
			name = Guide;
			sourceTree = "<group>";
		};
		CC84F59A1BEF486C008151F5 /* Main */ = {
			isa = PBXGroup;
			children = (
				CC84F59B1BEF489B008151F5 /* MainViewController.h */,
				CC84F59C1BEF489B008151F5 /* MainViewController.m */,
			);
			name = Main;
			sourceTree = "<group>";
		};
		CC84F59E1BEF51B5008151F5 /* searchResult */ = {
			isa = PBXGroup;
			children = (
				CC84F59F1BEF51D9008151F5 /* SearchResultTableViewController.h */,
				CC84F5A01BEF51D9008151F5 /* SearchResultTableViewController.m */,
			);
			name = searchResult;
			sourceTree = "<group>";
		};
		CC84F5A51BEF55F8008151F5 /* open Source */ = {
			isa = PBXGroup;
			children = (
				CC84F5A61BEF5613008151F5 /* AFNetworking */,
			);
			name = "open Source";
			sourceTree = "<group>";
		};
		CC84F5A61BEF5613008151F5 /* AFNetworking */ = {
			isa = PBXGroup;
			children = (
				CC84F5A71BEF5613008151F5 /* AFHTTPRequestOperation.h */,
				CC84F5A81BEF5613008151F5 /* AFHTTPRequestOperation.m */,
				CC84F5A91BEF5613008151F5 /* AFHTTPRequestOperationManager.h */,
				CC84F5AA1BEF5613008151F5 /* AFHTTPRequestOperationManager.m */,
				CC84F5AB1BEF5613008151F5 /* AFHTTPSessionManager.h */,
				CC84F5AC1BEF5613008151F5 /* AFHTTPSessionManager.m */,
				CC84F5AD1BEF5613008151F5 /* AFNetworking.h */,
				CC84F5AE1BEF5613008151F5 /* AFNetworkReachabilityManager.h */,
				CC84F5AF1BEF5613008151F5 /* AFNetworkReachabilityManager.m */,
				CC84F5B01BEF5613008151F5 /* AFSecurityPolicy.h */,
				CC84F5B11BEF5613008151F5 /* AFSecurityPolicy.m */,
				CC84F5B21BEF5613008151F5 /* AFURLConnectionOperation.h */,
				CC84F5B31BEF5613008151F5 /* AFURLConnectionOperation.m */,
				CC84F5B41BEF5613008151F5 /* AFURLRequestSerialization.h */,
				CC84F5B51BEF5613008151F5 /* AFURLRequestSerialization.m */,
				CC84F5B61BEF5613008151F5 /* AFURLResponseSerialization.h */,
				CC84F5B71BEF5613008151F5 /* AFURLResponseSerialization.m */,
				CC84F5B81BEF5613008151F5 /* AFURLSessionManager.h */,
				CC84F5B91BEF5613008151F5 /* AFURLSessionManager.m */,
			);
			path = AFNetworking;
			sourceTree = "<group>";
		};
		CCF478AC1BEF3B2600365BB2 = {
			isa = PBXGroup;
			children = (
				CCF478B71BEF3B2600365BB2 /* 童星育儿搜 */,
				CCF478D11BEF3B2600365BB2 /* 童星育儿搜Tests */,
				CCF478B61BEF3B2600365BB2 /* Products */,
			);
			sourceTree = "<group>";
		};
		CCF478B61BEF3B2600365BB2 /* Products */ = {
			isa = PBXGroup;
			children = (
				CCF478B51BEF3B2600365BB2 /* 童星育儿搜.app */,
				CCF478CE1BEF3B2600365BB2 /* 童星育儿搜Tests.xctest */,
			);
			name = Products;
			sourceTree = "<group>";
		};
		CCF478B71BEF3B2600365BB2 /* 童星育儿搜 */ = {
			isa = PBXGroup;
			children = (
				CC84F5A51BEF55F8008151F5 /* open Source */,
				CC84F58F1BEF3D87008151F5 /* Models */,
				CC84F58E1BEF3D7D008151F5 /* Views */,
				CC84F58D1BEF3D74008151F5 /* Controllers */,
				CCF478B81BEF3B2600365BB2 /* Supporting Files */,
			);
			path = "童星育儿搜";
			sourceTree = "<group>";
		};
		CCF478B81BEF3B2600365BB2 /* Supporting Files */ = {
			isa = PBXGroup;
			children = (
				CCF478C51BEF3B2600365BB2 /* Images.xcassets */,
				CCF478C71BEF3B2600365BB2 /* LaunchScreen.xib */,
				CCF478BC1BEF3B2600365BB2 /* AppDelegate.h */,
				CCF478BD1BEF3B2600365BB2 /* AppDelegate.m */,
				CCF478B91BEF3B2600365BB2 /* Info.plist */,
				CCF478BA1BEF3B2600365BB2 /* main.m */,
				CC84F5991BEF44E4008151F5 /* Common.h */,
			);
			name = "Supporting Files";
			sourceTree = "<group>";
		};
		CCF478D11BEF3B2600365BB2 /* 童星育儿搜Tests */ = {
			isa = PBXGroup;
			children = (
				CCF478D41BEF3B2600365BB2 /* _____Tests.m */,
				CCF478D21BEF3B2600365BB2 /* Supporting Files */,
			);
			path = "童星育儿搜Tests";
			sourceTree = "<group>";
		};
		CCF478D21BEF3B2600365BB2 /* Supporting Files */ = {
			isa = PBXGroup;
			children = (
				CCF478D31BEF3B2600365BB2 /* Info.plist */,
			);
			name = "Supporting Files";
			sourceTree = "<group>";
		};
/* End PBXGroup section */

/* Begin PBXNativeTarget section */
		CCF478B41BEF3B2600365BB2 /* 童星育儿搜 */ = {
			isa = PBXNativeTarget;
			buildConfigurationList = CCF478D81BEF3B2600365BB2 /* Build configuration list for PBXNativeTarget "童星育儿搜" */;
			buildPhases = (
				CCF478B11BEF3B2600365BB2 /* Sources */,
				CCF478B21BEF3B2600365BB2 /* Frameworks */,
				CCF478B31BEF3B2600365BB2 /* Resources */,
			);
			buildRules = (
			);
			dependencies = (
			);
			name = "童星育儿搜";
			productName = "童星育儿搜";
			productReference = CCF478B51BEF3B2600365BB2 /* 童星育儿搜.app */;
			productType = "com.apple.product-type.application";
		};
		CCF478CD1BEF3B2600365BB2 /* 童星育儿搜Tests */ = {
			isa = PBXNativeTarget;
			buildConfigurationList = CCF478DB1BEF3B2600365BB2 /* Build configuration list for PBXNativeTarget "童星育儿搜Tests" */;
			buildPhases = (
				CCF478CA1BEF3B2600365BB2 /* Sources */,
				CCF478CB1BEF3B2600365BB2 /* Frameworks */,
				CCF478CC1BEF3B2600365BB2 /* Resources */,
			);
			buildRules = (
			);
			dependencies = (
				CCF478D01BEF3B2600365BB2 /* PBXTargetDependency */,
			);
			name = "童星育儿搜Tests";
			productName = "童星育儿搜Tests";
			productReference = CCF478CE1BEF3B2600365BB2 /* 童星育儿搜Tests.xctest */;
			productType = "com.apple.product-type.bundle.unit-test";
		};
/* End PBXNativeTarget section */

/* Begin PBXProject section */
		CCF478AD1BEF3B2600365BB2 /* Project object */ = {
			isa = PBXProject;
			attributes = {
				LastUpgradeCheck = 0640;
				ORGANIZATIONNAME = "河南青云信息技术有限公司 &蒋洋";
				TargetAttributes = {
					CCF478B41BEF3B2600365BB2 = {
						CreatedOnToolsVersion = 6.4;
					};
					CCF478CD1BEF3B2600365BB2 = {
						CreatedOnToolsVersion = 6.4;
						TestTargetID = CCF478B41BEF3B2600365BB2;
					};
				};
			};
			buildConfigurationList = CCF478B01BEF3B2600365BB2 /* Build configuration list for PBXProject "童星育儿搜" */;
			compatibilityVersion = "Xcode 3.2";
			developmentRegion = English;
			hasScannedForEncodings = 0;
			knownRegions = (
				en,
				Base,
			);
			mainGroup = CCF478AC1BEF3B2600365BB2;
			productRefGroup = CCF478B61BEF3B2600365BB2 /* Products */;
			projectDirPath = "";
			projectRoot = "";
			targets = (
				CCF478B41BEF3B2600365BB2 /* 童星育儿搜 */,
				CCF478CD1BEF3B2600365BB2 /* 童星育儿搜Tests */,
			);
		};
/* End PBXProject section */

/* Begin PBXResourcesBuildPhase section */
		CCF478B31BEF3B2600365BB2 /* Resources */ = {
			isa = PBXResourcesBuildPhase;
			buildActionMask = 2147483647;
			files = (
				CCF478C41BEF3B2600365BB2 /* Main.storyboard in Resources */,
				CCF478C91BEF3B2600365BB2 /* LaunchScreen.xib in Resources */,
				CCF478C61BEF3B2600365BB2 /* Images.xcassets in Resources */,
			);
			runOnlyForDeploymentPostprocessing = 0;
		};
		CCF478CC1BEF3B2600365BB2 /* Resources */ = {
			isa = PBXResourcesBuildPhase;
			buildActionMask = 2147483647;
			files = (
			);
			runOnlyForDeploymentPostprocessing = 0;
		};
/* End PBXResourcesBuildPhase section */

/* Begin PBXSourcesBuildPhase section */
		CCF478B11BEF3B2600365BB2 /* Sources */ = {
			isa = PBXSourcesBuildPhase;
			buildActionMask = 2147483647;
			files = (
				CC84F5C21BEF5613008151F5 /* AFURLSessionManager.m in Sources */,
				CC84F5BF1BEF5613008151F5 /* AFURLConnectionOperation.m in Sources */,
				CC84F5BA1BEF5613008151F5 /* AFHTTPRequestOperation.m in Sources */,
				CCF478C11BEF3B2600365BB2 /* ViewController.m in Sources */,
				CC84F5BB1BEF5613008151F5 /* AFHTTPRequestOperationManager.m in Sources */,
				CC84F59D1BEF489B008151F5 /* MainViewController.m in Sources */,
				CC84F5931BEF3DBF008151F5 /* HomeViewController.m in Sources */,
				CC84F5BC1BEF5613008151F5 /* AFHTTPSessionManager.m in Sources */,
				CC84F5981BEF3E75008151F5 /* GuideViewController.m in Sources */,
				CC84F5C51BEF57C9008151F5 /* Account.m in Sources */,
				CC84F5A11BEF51D9008151F5 /* SearchResultTableViewController.m in Sources */,
				CCF478BE1BEF3B2600365BB2 /* AppDelegate.m in Sources */,
				CC84F5BE1BEF5613008151F5 /* AFSecurityPolicy.m in Sources */,
				CC84F5A41BEF52BA008151F5 /* SearchResultTableViewCell.m in Sources */,
				CC84F5C01BEF5613008151F5 /* AFURLRequestSerialization.m in Sources */,
				CC84F5BD1BEF5613008151F5 /* AFNetworkReachabilityManager.m in Sources */,
				CC84F5C11BEF5613008151F5 /* AFURLResponseSerialization.m in Sources */,
				CCF478BB1BEF3B2600365BB2 /* main.m in Sources */,
			);
			runOnlyForDeploymentPostprocessing = 0;
		};
		CCF478CA1BEF3B2600365BB2 /* Sources */ = {
			isa = PBXSourcesBuildPhase;
			buildActionMask = 2147483647;
			files = (
				CCF478D51BEF3B2600365BB2 /* _____Tests.m in Sources */,
			);
			runOnlyForDeploymentPostprocessing = 0;
		};
/* End PBXSourcesBuildPhase section */

/* Begin PBXTargetDependency section */
		CCF478D01BEF3B2600365BB2 /* PBXTargetDependency */ = {
			isa = PBXTargetDependency;
			target = CCF478B41BEF3B2600365BB2 /* 童星育儿搜 */;
			targetProxy = CCF478CF1BEF3B2600365BB2 /* PBXContainerItemProxy */;
		};
/* End PBXTargetDependency section */

/* Begin PBXVariantGroup section */
		CCF478C21BEF3B2600365BB2 /* Main.storyboard */ = {
			isa = PBXVariantGroup;
			children = (
				CCF478C31BEF3B2600365BB2 /* Base */,
			);
			name = Main.storyboard;
			sourceTree = "<group>";
		};
		CCF478C71BEF3B2600365BB2 /* LaunchScreen.xib */ = {
			isa = PBXVariantGroup;
			children = (
				CCF478C81BEF3B2600365BB2 /* Base */,
			);
			name = LaunchScreen.xib;
			sourceTree = "<group>";
		};
/* End PBXVariantGroup section */

/* Begin XCBuildConfiguration section */
		CCF478D61BEF3B2600365BB2 /* Debug */ = {
			isa = XCBuildConfiguration;
			buildSettings = {
				ALWAYS_SEARCH_USER_PATHS = NO;
				CLANG_CXX_LANGUAGE_STANDARD = "gnu++0x";
				CLANG_CXX_LIBRARY = "libc++";
				CLANG_ENABLE_MODULES = YES;
				CLANG_ENABLE_OBJC_ARC = YES;
				CLANG_WARN_BOOL_CONVERSION = YES;
				CLANG_WARN_CONSTANT_CONVERSION = YES;
				CLANG_WARN_DIRECT_OBJC_ISA_USAGE = YES_ERROR;
				CLANG_WARN_EMPTY_BODY = YES;
				CLANG_WARN_ENUM_CONVERSION = YES;
				CLANG_WARN_INT_CONVERSION = YES;
				CLANG_WARN_OBJC_ROOT_CLASS = YES_ERROR;
				CLANG_WARN_UNREACHABLE_CODE = YES;
				CLANG_WARN__DUPLICATE_METHOD_MATCH = YES;
				"CODE_SIGN_IDENTITY[sdk=iphoneos*]" = "iPhone Developer";
				COPY_PHASE_STRIP = NO;
				DEBUG_INFORMATION_FORMAT = "dwarf-with-dsym";
				ENABLE_STRICT_OBJC_MSGSEND = YES;
				GCC_C_LANGUAGE_STANDARD = gnu99;
				GCC_DYNAMIC_NO_PIC = NO;
				GCC_NO_COMMON_BLOCKS = YES;
				GCC_OPTIMIZATION_LEVEL = 0;
				GCC_PREPROCESSOR_DEFINITIONS = (
					"DEBUG=1",
					"$(inherited)",
				);
				GCC_SYMBOLS_PRIVATE_EXTERN = NO;
				GCC_WARN_64_TO_32_BIT_CONVERSION = YES;
				GCC_WARN_ABOUT_RETURN_TYPE = YES_ERROR;
				GCC_WARN_UNDECLARED_SELECTOR = YES;
				GCC_WARN_UNINITIALIZED_AUTOS = YES_AGGRESSIVE;
				GCC_WARN_UNUSED_FUNCTION = YES;
				GCC_WARN_UNUSED_VARIABLE = YES;
				IPHONEOS_DEPLOYMENT_TARGET = 8.4;
				MTL_ENABLE_DEBUG_INFO = YES;
				ONLY_ACTIVE_ARCH = YES;
				SDKROOT = iphoneos;
			};
			name = Debug;
		};
		CCF478D71BEF3B2600365BB2 /* Release */ = {
			isa = XCBuildConfiguration;
			buildSettings = {
				ALWAYS_SEARCH_USER_PATHS = NO;
				CLANG_CXX_LANGUAGE_STANDARD = "gnu++0x";
				CLANG_CXX_LIBRARY = "libc++";
				CLANG_ENABLE_MODULES = YES;
				CLANG_ENABLE_OBJC_ARC = YES;
				CLANG_WARN_BOOL_CONVERSION = YES;
				CLANG_WARN_CONSTANT_CONVERSION = YES;
				CLANG_WARN_DIRECT_OBJC_ISA_USAGE = YES_ERROR;
				CLANG_WARN_EMPTY_BODY = YES;
				CLANG_WARN_ENUM_CONVERSION = YES;
				CLANG_WARN_INT_CONVERSION = YES;
				CLANG_WARN_OBJC_ROOT_CLASS = YES_ERROR;
				CLANG_WARN_UNREACHABLE_CODE = YES;
				CLANG_WARN__DUPLICATE_METHOD_MATCH = YES;
				"CODE_SIGN_IDENTITY[sdk=iphoneos*]" = "iPhone Developer";
				COPY_PHASE_STRIP = NO;
				DEBUG_INFORMATION_FORMAT = "dwarf-with-dsym";
				ENABLE_NS_ASSERTIONS = NO;
				ENABLE_STRICT_OBJC_MSGSEND = YES;
				GCC_C_LANGUAGE_STANDARD = gnu99;
				GCC_NO_COMMON_BLOCKS = YES;
				GCC_WARN_64_TO_32_BIT_CONVERSION = YES;
				GCC_WARN_ABOUT_RETURN_TYPE = YES_ERROR;
				GCC_WARN_UNDECLARED_SELECTOR = YES;
				GCC_WARN_UNINITIALIZED_AUTOS = YES_AGGRESSIVE;
				GCC_WARN_UNUSED_FUNCTION = YES;
				GCC_WARN_UNUSED_VARIABLE = YES;
				IPHONEOS_DEPLOYMENT_TARGET = 8.4;
				MTL_ENABLE_DEBUG_INFO = NO;
				SDKROOT = iphoneos;
				VALIDATE_PRODUCT = YES;
			};
			name = Release;
		};
		CCF478D91BEF3B2600365BB2 /* Debug */ = {
			isa = XCBuildConfiguration;
			buildSettings = {
				ASSETCATALOG_COMPILER_APPICON_NAME = "AppIcon-1";
				CODE_SIGN_IDENTITY = "iPhone Developer";
				INFOPLIST_FILE = "童星育儿搜/Info.plist";
				LD_RUNPATH_SEARCH_PATHS = "$(inherited) @executable_path/Frameworks";
				PRODUCT_NAME = "$(TARGET_NAME)";
			};
			name = Debug;
		};
		CCF478DA1BEF3B2600365BB2 /* Release */ = {
			isa = XCBuildConfiguration;
			buildSettings = {
				ASSETCATALOG_COMPILER_APPICON_NAME = "AppIcon-1";
				CODE_SIGN_IDENTITY = "iPhone Developer";
				INFOPLIST_FILE = "童星育儿搜/Info.plist";
				LD_RUNPATH_SEARCH_PATHS = "$(inherited) @executable_path/Frameworks";
				PRODUCT_NAME = "$(TARGET_NAME)";
			};
			name = Release;
		};
		CCF478DC1BEF3B2600365BB2 /* Debug */ = {
			isa = XCBuildConfiguration;
			buildSettings = {
				BUNDLE_LOADER = "$(TEST_HOST)";
				FRAMEWORK_SEARCH_PATHS = (
					"$(SDKROOT)/Developer/Library/Frameworks",
					"$(inherited)",
				);
				GCC_PREPROCESSOR_DEFINITIONS = (
					"DEBUG=1",
					"$(inherited)",
				);
				INFOPLIST_FILE = "童星育儿搜Tests/Info.plist";
				LD_RUNPATH_SEARCH_PATHS = "$(inherited) @executable_path/Frameworks @loader_path/Frameworks";
				PRODUCT_NAME = "$(TARGET_NAME)";
				TEST_HOST = "$(BUILT_PRODUCTS_DIR)/童星育儿搜.app/童星育儿搜";
			};
			name = Debug;
		};
		CCF478DD1BEF3B2600365BB2 /* Release */ = {
			isa = XCBuildConfiguration;
			buildSettings = {
				BUNDLE_LOADER = "$(TEST_HOST)";
				FRAMEWORK_SEARCH_PATHS = (
					"$(SDKROOT)/Developer/Library/Frameworks",
					"$(inherited)",
				);
				INFOPLIST_FILE = "童星育儿搜Tests/Info.plist";
				LD_RUNPATH_SEARCH_PATHS = "$(inherited) @executable_path/Frameworks @loader_path/Frameworks";
				PRODUCT_NAME = "$(TARGET_NAME)";
				TEST_HOST = "$(BUILT_PRODUCTS_DIR)/童星育儿搜.app/童星育儿搜";
			};
			name = Release;
		};
/* End XCBuildConfiguration section */

/* Begin XCConfigurationList section */
		CCF478B01BEF3B2600365BB2 /* Build configuration list for PBXProject "童星育儿搜" */ = {
			isa = XCConfigurationList;
			buildConfigurations = (
				CCF478D61BEF3B2600365BB2 /* Debug */,
				CCF478D71BEF3B2600365BB2 /* Release */,
			);
			defaultConfigurationIsVisible = 0;
			defaultConfigurationName = Release;
		};
		CCF478D81BEF3B2600365BB2 /* Build configuration list for PBXNativeTarget "童星育儿搜" */ = {
			isa = XCConfigurationList;
			buildConfigurations = (
				CCF478D91BEF3B2600365BB2 /* Debug */,
				CCF478DA1BEF3B2600365BB2 /* Release */,
			);
			defaultConfigurationIsVisible = 0;
			defaultConfigurationName = Release;
		};
		CCF478DB1BEF3B2600365BB2 /* Build configuration list for PBXNativeTarget "童星育儿搜Tests" */ = {
			isa = XCConfigurationList;
			buildConfigurations = (
				CCF478DC1BEF3B2600365BB2 /* Debug */,
				CCF478DD1BEF3B2600365BB2 /* Release */,
			);
			defaultConfigurationIsVisible = 0;
			defaultConfigurationName = Release;
		};
/* End XCConfigurationList section */
	};
	rootObject = CCF478AD1BEF3B2600365BB2 /* Project object */;
}
